// !$*UTF8*$!
{
	archiveVersion = 1;
	classes = {
	};
	objectVersion = 46;
	objects = {

/* Begin PBXBuildFile section */
		AD0EAA3817287C6D005C3923 /* FCGIApplication.m in Sources */ = {isa = PBXBuildFile; fileRef = AD0EA9871728515D005C3923 /* FCGIApplication.m */; };
		ADC1E012172CB29C0022E227 /* FCGIKit.m in Sources */ = {isa = PBXBuildFile; fileRef = ADC1E011172CB29C0022E227 /* FCGIKit.m */; };
		ADD955D2177D23EE008FD0C4 /* FCGIThread.h in Headers */ = {isa = PBXBuildFile; fileRef = ADD955D0177D23EE008FD0C4 /* FCGIThread.h */; };
		ADD955D3177D23EE008FD0C4 /* FCGIThread.m in Sources */ = {isa = PBXBuildFile; fileRef = ADD955D1177D23EE008FD0C4 /* FCGIThread.m */; };
		ADE597B8177CB28E00EB2A02 /* FCGIBeginRequestRecord.h in Headers */ = {isa = PBXBuildFile; fileRef = ADE597A7177CB28E00EB2A02 /* FCGIBeginRequestRecord.h */; };
		ADE597B9177CB28E00EB2A02 /* FCGIBeginRequestRecord.m in Sources */ = {isa = PBXBuildFile; fileRef = ADE597A8177CB28E00EB2A02 /* FCGIBeginRequestRecord.m */; };
		ADE597BA177CB28E00EB2A02 /* FCGIByteStreamRecord.h in Headers */ = {isa = PBXBuildFile; fileRef = ADE597A9177CB28E00EB2A02 /* FCGIByteStreamRecord.h */; };
		ADE597BB177CB28E00EB2A02 /* FCGIByteStreamRecord.m in Sources */ = {isa = PBXBuildFile; fileRef = ADE597AA177CB28E00EB2A02 /* FCGIByteStreamRecord.m */; };
		ADE597BC177CB28E00EB2A02 /* FCGIEndRequestRecord.h in Headers */ = {isa = PBXBuildFile; fileRef = ADE597AB177CB28E00EB2A02 /* FCGIEndRequestRecord.h */; };
		ADE597BD177CB28E00EB2A02 /* FCGIEndRequestRecord.m in Sources */ = {isa = PBXBuildFile; fileRef = ADE597AC177CB28E00EB2A02 /* FCGIEndRequestRecord.m */; };
		ADE597BE177CB28E00EB2A02 /* FCGIParamsRecord.h in Headers */ = {isa = PBXBuildFile; fileRef = ADE597AD177CB28E00EB2A02 /* FCGIParamsRecord.h */; };
		ADE597BF177CB28E00EB2A02 /* FCGIParamsRecord.m in Sources */ = {isa = PBXBuildFile; fileRef = ADE597AE177CB28E00EB2A02 /* FCGIParamsRecord.m */; };
		ADE597C0177CB28E00EB2A02 /* FCGIRecord.h in Headers */ = {isa = PBXBuildFile; fileRef = ADE597AF177CB28E00EB2A02 /* FCGIRecord.h */; };
		ADE597C1177CB28E00EB2A02 /* FCGIRecord.m in Sources */ = {isa = PBXBuildFile; fileRef = ADE597B0177CB28E00EB2A02 /* FCGIRecord.m */; };
		ADE597C2177CB28E00EB2A02 /* FCGIRequest.h in Headers */ = {isa = PBXBuildFile; fileRef = ADE597B1177CB28E00EB2A02 /* FCGIRequest.h */; };
		ADE597C3177CB28E00EB2A02 /* FCGIRequest.m in Sources */ = {isa = PBXBuildFile; fileRef = ADE597B2177CB28E00EB2A02 /* FCGIRequest.m */; };
		ADE597C4177CB28E00EB2A02 /* FCGIServer.h in Headers */ = {isa = PBXBuildFile; fileRef = ADE597B3177CB28E00EB2A02 /* FCGIServer.h */; };
		ADE597C5177CB28E00EB2A02 /* FCGIServer.m in Sources */ = {isa = PBXBuildFile; fileRef = ADE597B4177CB28E00EB2A02 /* FCGIServer.m */; };
		ADE597C6177CB28E00EB2A02 /* FCGITypes.h in Headers */ = {isa = PBXBuildFile; fileRef = ADE597B5177CB28E00EB2A02 /* FCGITypes.h */; };
/* End PBXBuildFile section */

/* Begin PBXCopyFilesBuildPhase section */
		AD0EACF31728D1B1005C3923 /* CopyFiles */ = {
			isa = PBXCopyFilesBuildPhase;
			buildActionMask = 2147483647;
			dstPath = "";
			dstSubfolderSpec = 16;
			files = (
			);
			runOnlyForDeploymentPostprocessing = 0;
		};
/* End PBXCopyFilesBuildPhase section */

/* Begin PBXFileReference section */
		AD0EA94A17284CB4005C3923 /* Foundation.framework */ = {isa = PBXFileReference; lastKnownFileType = wrapper.framework; name = Foundation.framework; path = System/Library/Frameworks/Foundation.framework; sourceTree = SDKROOT; };
		AD0EA95A17284E0B005C3923 /* FCGIApplicationDelegate.h */ = {isa = PBXFileReference; fileEncoding = 4; lastKnownFileType = sourcecode.c.h; path = FCGIApplicationDelegate.h; sourceTree = "<group>"; };
		AD0EA9861728515D005C3923 /* FCGIApplication.h */ = {isa = PBXFileReference; fileEncoding = 4; lastKnownFileType = sourcecode.c.h; path = FCGIApplication.h; sourceTree = "<group>"; };
		AD0EA9871728515D005C3923 /* FCGIApplication.m */ = {isa = PBXFileReference; fileEncoding = 4; lastKnownFileType = sourcecode.c.objc; path = FCGIApplication.m; sourceTree = "<group>"; };
		AD0EA9BA17285DBD005C3923 /* libfcgikit-Prefix.pch */ = {isa = PBXFileReference; lastKnownFileType = sourcecode.c.h; path = "libfcgikit-Prefix.pch"; sourceTree = "<group>"; };
		AD0EA9BB17285DBD005C3923 /* libfcgikit.h */ = {isa = PBXFileReference; lastKnownFileType = sourcecode.c.h; path = libfcgikit.h; sourceTree = "<group>"; };
		AD0EAA2C17287C06005C3923 /* libfcgikit.a */ = {isa = PBXFileReference; explicitFileType = archive.ar; includeInIndex = 0; path = libfcgikit.a; sourceTree = BUILT_PRODUCTS_DIR; };
		AD2FA14F172B507E00EF47BB /* FCGIKit.h */ = {isa = PBXFileReference; fileEncoding = 4; lastKnownFileType = sourcecode.c.h; path = FCGIKit.h; sourceTree = "<group>"; };
		ADC1E011172CB29C0022E227 /* FCGIKit.m */ = {isa = PBXFileReference; fileEncoding = 4; lastKnownFileType = sourcecode.c.objc; path = FCGIKit.m; sourceTree = "<group>"; };
		ADD955D0177D23EE008FD0C4 /* FCGIThread.h */ = {isa = PBXFileReference; fileEncoding = 4; lastKnownFileType = sourcecode.c.h; path = FCGIThread.h; sourceTree = "<group>"; };
		ADD955D1177D23EE008FD0C4 /* FCGIThread.m */ = {isa = PBXFileReference; fileEncoding = 4; lastKnownFileType = sourcecode.c.objc; path = FCGIThread.m; sourceTree = "<group>"; };
		ADE597A7177CB28E00EB2A02 /* FCGIBeginRequestRecord.h */ = {isa = PBXFileReference; fileEncoding = 4; lastKnownFileType = sourcecode.c.h; path = FCGIBeginRequestRecord.h; sourceTree = "<group>"; };
		ADE597A8177CB28E00EB2A02 /* FCGIBeginRequestRecord.m */ = {isa = PBXFileReference; fileEncoding = 4; lastKnownFileType = sourcecode.c.objc; path = FCGIBeginRequestRecord.m; sourceTree = "<group>"; };
		ADE597A9177CB28E00EB2A02 /* FCGIByteStreamRecord.h */ = {isa = PBXFileReference; fileEncoding = 4; lastKnownFileType = sourcecode.c.h; path = FCGIByteStreamRecord.h; sourceTree = "<group>"; };
		ADE597AA177CB28E00EB2A02 /* FCGIByteStreamRecord.m */ = {isa = PBXFileReference; fileEncoding = 4; lastKnownFileType = sourcecode.c.objc; path = FCGIByteStreamRecord.m; sourceTree = "<group>"; };
		ADE597AB177CB28E00EB2A02 /* FCGIEndRequestRecord.h */ = {isa = PBXFileReference; fileEncoding = 4; lastKnownFileType = sourcecode.c.h; path = FCGIEndRequestRecord.h; sourceTree = "<group>"; };
		ADE597AC177CB28E00EB2A02 /* FCGIEndRequestRecord.m */ = {isa = PBXFileReference; fileEncoding = 4; lastKnownFileType = sourcecode.c.objc; path = FCGIEndRequestRecord.m; sourceTree = "<group>"; };
		ADE597AD177CB28E00EB2A02 /* FCGIParamsRecord.h */ = {isa = PBXFileReference; fileEncoding = 4; lastKnownFileType = sourcecode.c.h; path = FCGIParamsRecord.h; sourceTree = "<group>"; };
		ADE597AE177CB28E00EB2A02 /* FCGIParamsRecord.m */ = {isa = PBXFileReference; fileEncoding = 4; lastKnownFileType = sourcecode.c.objc; path = FCGIParamsRecord.m; sourceTree = "<group>"; };
		ADE597AF177CB28E00EB2A02 /* FCGIRecord.h */ = {isa = PBXFileReference; fileEncoding = 4; lastKnownFileType = sourcecode.c.h; path = FCGIRecord.h; sourceTree = "<group>"; };
		ADE597B0177CB28E00EB2A02 /* FCGIRecord.m */ = {isa = PBXFileReference; fileEncoding = 4; lastKnownFileType = sourcecode.c.objc; path = FCGIRecord.m; sourceTree = "<group>"; };
		ADE597B1177CB28E00EB2A02 /* FCGIRequest.h */ = {isa = PBXFileReference; fileEncoding = 4; lastKnownFileType = sourcecode.c.h; path = FCGIRequest.h; sourceTree = "<group>"; };
		ADE597B2177CB28E00EB2A02 /* FCGIRequest.m */ = {isa = PBXFileReference; fileEncoding = 4; lastKnownFileType = sourcecode.c.objc; path = FCGIRequest.m; sourceTree = "<group>"; };
		ADE597B3177CB28E00EB2A02 /* FCGIServer.h */ = {isa = PBXFileReference; fileEncoding = 4; lastKnownFileType = sourcecode.c.h; path = FCGIServer.h; sourceTree = "<group>"; };
		ADE597B4177CB28E00EB2A02 /* FCGIServer.m */ = {isa = PBXFileReference; fileEncoding = 4; lastKnownFileType = sourcecode.c.objc; path = FCGIServer.m; sourceTree = "<group>"; };
		ADE597B5177CB28E00EB2A02 /* FCGITypes.h */ = {isa = PBXFileReference; fileEncoding = 4; lastKnownFileType = sourcecode.c.h; path = FCGITypes.h; sourceTree = "<group>"; };
/* End PBXFileReference section */

/* Begin PBXFrameworksBuildPhase section */
		AD0EAA2917287C06005C3923 /* Frameworks */ = {
			isa = PBXFrameworksBuildPhase;
			buildActionMask = 2147483647;
			files = (
			);
			runOnlyForDeploymentPostprocessing = 0;
		};
/* End PBXFrameworksBuildPhase section */

/* Begin PBXGroup section */
		AD0EA93817284CB4005C3923 = {
			isa = PBXGroup;
			children = (
				AD0EA94B17284CB4005C3923 /* FCGIKit */,
				AD0EA94C17284CB4005C3923 /* Supporting Files */,
				AD0EA94417284CB4005C3923 /* Frameworks */,
				AD0EA94317284CB4005C3923 /* Products */,
			);
			sourceTree = "<group>";
		};
		AD0EA94317284CB4005C3923 /* Products */ = {
			isa = PBXGroup;
			children = (
				AD0EAA2C17287C06005C3923 /* libfcgikit.a */,
			);
			name = Products;
			sourceTree = "<group>";
		};
		AD0EA94417284CB4005C3923 /* Frameworks */ = {
			isa = PBXGroup;
			children = (
				AD0EA94A17284CB4005C3923 /* Foundation.framework */,
			);
			name = Frameworks;
			sourceTree = "<group>";
		};
		AD0EA94B17284CB4005C3923 /* FCGIKit */ = {
			isa = PBXGroup;
			children = (
				ADD955D0177D23EE008FD0C4 /* FCGIThread.h */,
				ADD955D1177D23EE008FD0C4 /* FCGIThread.m */,
				AD2FA14F172B507E00EF47BB /* FCGIKit.h */,
				ADC1E011172CB29C0022E227 /* FCGIKit.m */,
				ADE597B5177CB28E00EB2A02 /* FCGITypes.h */,
				ADE597A7177CB28E00EB2A02 /* FCGIBeginRequestRecord.h */,
				ADE597A8177CB28E00EB2A02 /* FCGIBeginRequestRecord.m */,
				ADE597A9177CB28E00EB2A02 /* FCGIByteStreamRecord.h */,
				ADE597AA177CB28E00EB2A02 /* FCGIByteStreamRecord.m */,
				ADE597AB177CB28E00EB2A02 /* FCGIEndRequestRecord.h */,
				ADE597AC177CB28E00EB2A02 /* FCGIEndRequestRecord.m */,
				ADE597AD177CB28E00EB2A02 /* FCGIParamsRecord.h */,
				ADE597AE177CB28E00EB2A02 /* FCGIParamsRecord.m */,
				ADE597AF177CB28E00EB2A02 /* FCGIRecord.h */,
				ADE597B0177CB28E00EB2A02 /* FCGIRecord.m */,
				ADE597B1177CB28E00EB2A02 /* FCGIRequest.h */,
				ADE597B2177CB28E00EB2A02 /* FCGIRequest.m */,
				ADE597B3177CB28E00EB2A02 /* FCGIServer.h */,
				ADE597B4177CB28E00EB2A02 /* FCGIServer.m */,
				AD0EA95A17284E0B005C3923 /* FCGIApplicationDelegate.h */,
				AD0EA9861728515D005C3923 /* FCGIApplication.h */,
				AD0EA9871728515D005C3923 /* FCGIApplication.m */,
			);
			path = FCGIKit;
			sourceTree = "<group>";
		};
		AD0EA94C17284CB4005C3923 /* Supporting Files */ = {
			isa = PBXGroup;
			children = (
				AD0EA9BB17285DBD005C3923 /* libfcgikit.h */,
				AD0EA9BA17285DBD005C3923 /* libfcgikit-Prefix.pch */,
			);
			name = "Supporting Files";
			path = FCGIKit;
			sourceTree = "<group>";
		};
/* End PBXGroup section */

/* Begin PBXHeadersBuildPhase section */
		AD0EAA2A17287C06005C3923 /* Headers */ = {
			isa = PBXHeadersBuildPhase;
			buildActionMask = 2147483647;
			files = (
				ADE597B8177CB28E00EB2A02 /* FCGIBeginRequestRecord.h in Headers */,
				ADE597BA177CB28E00EB2A02 /* FCGIByteStreamRecord.h in Headers */,
				ADE597BC177CB28E00EB2A02 /* FCGIEndRequestRecord.h in Headers */,
				ADE597BE177CB28E00EB2A02 /* FCGIParamsRecord.h in Headers */,
				ADE597C0177CB28E00EB2A02 /* FCGIRecord.h in Headers */,
				ADE597C2177CB28E00EB2A02 /* FCGIRequest.h in Headers */,
				ADE597C4177CB28E00EB2A02 /* FCGIServer.h in Headers */,
				ADE597C6177CB28E00EB2A02 /* FCGITypes.h in Headers */,
				ADD955D2177D23EE008FD0C4 /* FCGIThread.h in Headers */,
			);
			runOnlyForDeploymentPostprocessing = 0;
		};
/* End PBXHeadersBuildPhase section */

/* Begin PBXNativeTarget section */
		AD0EAA2B17287C06005C3923 /* fcgikit */ = {
			isa = PBXNativeTarget;
			buildConfigurationList = AD0EAA3417287C06005C3923 /* Build configuration list for PBXNativeTarget "fcgikit" */;
			buildPhases = (
				AD0EAA2817287C06005C3923 /* Sources */,
				AD0EAA2917287C06005C3923 /* Frameworks */,
				AD0EAA2A17287C06005C3923 /* Headers */,
				AD0EACF31728D1B1005C3923 /* CopyFiles */,
			);
			buildRules = (
			);
			dependencies = (
			);
			name = fcgikit;
			productName = fcgikit;
			productReference = AD0EAA2C17287C06005C3923 /* libfcgikit.a */;
			productType = "com.apple.product-type.library.static";
		};
/* End PBXNativeTarget section */

/* Begin PBXProject section */
		AD0EA93917284CB4005C3923 /* Project object */ = {
			isa = PBXProject;
			attributes = {
				LastUpgradeCheck = 0460;
				ORGANIZATIONNAME = "Catalin Stan";
			};
			buildConfigurationList = AD0EA93C17284CB4005C3923 /* Build configuration list for PBXProject "FCGIKit" */;
			compatibilityVersion = "Xcode 3.2";
			developmentRegion = English;
			hasScannedForEncodings = 0;
			knownRegions = (
				en,
			);
			mainGroup = AD0EA93817284CB4005C3923;
			productRefGroup = AD0EA94317284CB4005C3923 /* Products */;
			projectDirPath = "";
			projectRoot = "";
			targets = (
				AD0EAA2B17287C06005C3923 /* fcgikit */,
			);
		};
/* End PBXProject section */

/* Begin PBXSourcesBuildPhase section */
		AD0EAA2817287C06005C3923 /* Sources */ = {
			isa = PBXSourcesBuildPhase;
			buildActionMask = 2147483647;
			files = (
				AD0EAA3817287C6D005C3923 /* FCGIApplication.m in Sources */,
				ADC1E012172CB29C0022E227 /* FCGIKit.m in Sources */,
				ADE597B9177CB28E00EB2A02 /* FCGIBeginRequestRecord.m in Sources */,
				ADE597BB177CB28E00EB2A02 /* FCGIByteStreamRecord.m in Sources */,
				ADE597BD177CB28E00EB2A02 /* FCGIEndRequestRecord.m in Sources */,
				ADE597BF177CB28E00EB2A02 /* FCGIParamsRecord.m in Sources */,
				ADE597C1177CB28E00EB2A02 /* FCGIRecord.m in Sources */,
				ADE597C3177CB28E00EB2A02 /* FCGIRequest.m in Sources */,
				ADE597C5177CB28E00EB2A02 /* FCGIServer.m in Sources */,
				ADD955D3177D23EE008FD0C4 /* FCGIThread.m in Sources */,
			);
			runOnlyForDeploymentPostprocessing = 0;
		};
/* End PBXSourcesBuildPhase section */

/* Begin XCBuildConfiguration section */
		AD0EA95517284CB4005C3923 /* Debug */ = {
			isa = XCBuildConfiguration;
			buildSettings = {
				ALWAYS_SEARCH_USER_PATHS = NO;
				ARCHS = "$(ARCHS_STANDARD_64_BIT)";
				CLANG_CXX_LANGUAGE_STANDARD = "gnu++0x";
				CLANG_CXX_LIBRARY = "libc++";
				CLANG_WARN_CONSTANT_CONVERSION = YES;
				CLANG_WARN_EMPTY_BODY = YES;
				CLANG_WARN_ENUM_CONVERSION = YES;
				CLANG_WARN_INT_CONVERSION = YES;
				CLANG_WARN__DUPLICATE_METHOD_MATCH = YES;
				COPY_PHASE_STRIP = NO;
				DYLIB_COMPATIBILITY_VERSION = 1.0;
				DYLIB_CURRENT_VERSION = 1.0;
				GCC_C_LANGUAGE_STANDARD = gnu99;
				GCC_DYNAMIC_NO_PIC = NO;
				GCC_ENABLE_OBJC_EXCEPTIONS = YES;
				GCC_OPTIMIZATION_LEVEL = 0;
				GCC_PREPROCESSOR_DEFINITIONS = (
					"DEBUG=1",
					"$(inherited)",
				);
				GCC_SYMBOLS_PRIVATE_EXTERN = NO;
				GCC_WARN_64_TO_32_BIT_CONVERSION = YES;
				GCC_WARN_ABOUT_RETURN_TYPE = YES;
				GCC_WARN_UNINITIALIZED_AUTOS = YES;
				GCC_WARN_UNUSED_VARIABLE = YES;
				MACH_O_TYPE = staticlib;
				MACOSX_DEPLOYMENT_TARGET = 10.7;
				ONLY_ACTIVE_ARCH = NO;
				SDKROOT = macosx10.7;
				VALID_ARCHS = x86_64;
			};
			name = Debug;
		};
		AD0EA95617284CB4005C3923 /* Release */ = {
			isa = XCBuildConfiguration;
			buildSettings = {
				ALWAYS_SEARCH_USER_PATHS = NO;
				ARCHS = "$(ARCHS_STANDARD_64_BIT)";
				CLANG_CXX_LANGUAGE_STANDARD = "gnu++0x";
				CLANG_CXX_LIBRARY = "libc++";
				CLANG_WARN_CONSTANT_CONVERSION = YES;
				CLANG_WARN_EMPTY_BODY = YES;
				CLANG_WARN_ENUM_CONVERSION = YES;
				CLANG_WARN_INT_CONVERSION = YES;
				CLANG_WARN__DUPLICATE_METHOD_MATCH = YES;
				COPY_PHASE_STRIP = YES;
				DEBUG_INFORMATION_FORMAT = "dwarf-with-dsym";
				DYLIB_COMPATIBILITY_VERSION = 1.0;
				DYLIB_CURRENT_VERSION = 1.0;
				GCC_C_LANGUAGE_STANDARD = gnu99;
				GCC_ENABLE_OBJC_EXCEPTIONS = YES;
				GCC_WARN_64_TO_32_BIT_CONVERSION = YES;
				GCC_WARN_ABOUT_RETURN_TYPE = YES;
				GCC_WARN_UNINITIALIZED_AUTOS = YES;
				GCC_WARN_UNUSED_VARIABLE = YES;
				MACH_O_TYPE = staticlib;
				MACOSX_DEPLOYMENT_TARGET = 10.7;
				SDKROOT = macosx10.7;
				VALID_ARCHS = x86_64;
			};
			name = Release;
		};
		AD0EAA3517287C06005C3923 /* Debug */ = {
			isa = XCBuildConfiguration;
			buildSettings = {
				ARCHS = "$(ARCHS_STANDARD_32_64_BIT)";
				CLANG_ENABLE_OBJC_ARC = NO;
				DYLIB_CURRENT_VERSION = 1.0;
				GCC_PRECOMPILE_PREFIX_HEADER = YES;
				GCC_PREFIX_HEADER = "FCGIKit/libfcgikit-Prefix.pch";
				HEADER_SEARCH_PATHS = "";
				LIBRARY_SEARCH_PATHS = (
					"$(inherited)",
					"$(SRCROOT)/**",
				);
				MACOSX_DEPLOYMENT_TARGET = 10.7;
				PRODUCT_NAME = "$(TARGET_NAME)";
				SDKROOT = macosx;
				SKIP_INSTALL = YES;
			};
			name = Debug;
		};
		AD0EAA3617287C06005C3923 /* Release */ = {
			isa = XCBuildConfiguration;
			buildSettings = {
				ARCHS = "$(ARCHS_STANDARD_32_64_BIT)";
				CLANG_ENABLE_OBJC_ARC = NO;
				DYLIB_CURRENT_VERSION = 1.0;
				GCC_PRECOMPILE_PREFIX_HEADER = YES;
				GCC_PREFIX_HEADER = "FCGIKit/libfcgikit-Prefix.pch";
				HEADER_SEARCH_PATHS = "";
				LIBRARY_SEARCH_PATHS = (
					"$(inherited)",
					"$(SRCROOT)/**",
				);
				MACOSX_DEPLOYMENT_TARGET = 10.7;
				PRODUCT_NAME = "$(TARGET_NAME)";
				SDKROOT = macosx;
				SKIP_INSTALL = YES;
			};
			name = Release;
		};
/* End XCBuildConfiguration section */

/* Begin XCConfigurationList section */
		AD0EA93C17284CB4005C3923 /* Build configuration list for PBXProject "FCGIKit" */ = {
			isa = XCConfigurationList;
			buildConfigurations = (
				AD0EA95517284CB4005C3923 /* Debug */,
				AD0EA95617284CB4005C3923 /* Release */,
			);
			defaultConfigurationIsVisible = 0;
			defaultConfigurationName = Release;
		};
		AD0EAA3417287C06005C3923 /* Build configuration list for PBXNativeTarget "fcgikit" */ = {
			isa = XCConfigurationList;
			buildConfigurations = (
				AD0EAA3517287C06005C3923 /* Debug */,
				AD0EAA3617287C06005C3923 /* Release */,
			);
			defaultConfigurationIsVisible = 0;
			defaultConfigurationName = Release;
		};
/* End XCConfigurationList section */
	};
	rootObject = AD0EA93917284CB4005C3923 /* Project object */;
}
