// !$*UTF8*$!
{
	archiveVersion = 1;
	classes = {
	};
	objectVersion = 46;
	objects = {

/* Begin PBXBuildFile section */
		AD67CF401BBC383E0063EFB4 /* FCGIKit.podspec in Resources */ = {isa = PBXBuildFile; fileRef = AD67CF3F1BBC383E0063EFB4 /* FCGIKit.podspec */; };
		AD6BB2FE19EEF6F200538169 /* FKApplication.m in Sources */ = {isa = PBXBuildFile; fileRef = AD1C9F8219646B950055A071 /* FKApplication.m */; };
		AD6BB30019EEF6F200538169 /* FKHTTPRequest.m in Sources */ = {isa = PBXBuildFile; fileRef = AD1C9F8819646B950055A071 /* FKHTTPRequest.m */; };
		AD6BB30119EEF6F200538169 /* FKHTTPResponse.m in Sources */ = {isa = PBXBuildFile; fileRef = AD1C9F8A19646B950055A071 /* FKHTTPResponse.m */; };
		AD6BB30219EEF6F200538169 /* NSDate+RFC1123.m in Sources */ = {isa = PBXBuildFile; fileRef = AD1C9F8C19646B950055A071 /* NSDate+RFC1123.m */; };
		AD6BB30319EEF6F200538169 /* NSHTTPCookie+FCGIKit.m in Sources */ = {isa = PBXBuildFile; fileRef = AD1C9F8E19646B950055A071 /* NSHTTPCookie+FCGIKit.m */; };
		AD6BB30419EEF6F200538169 /* NSString+FCGIKit.m in Sources */ = {isa = PBXBuildFile; fileRef = AD1C9F9019646B950055A071 /* NSString+FCGIKit.m */; };
		AD6BB30519EEF6F200538169 /* FKRoute.m in Sources */ = {isa = PBXBuildFile; fileRef = AD1C9F9319646B950055A071 /* FKRoute.m */; };
		AD6BB30619EEF6F200538169 /* FKRoutingCenter.m in Sources */ = {isa = PBXBuildFile; fileRef = AD1C9F9519646B950055A071 /* FKRoutingCenter.m */; };
		AD6BB30719EEF6F200538169 /* FKNib.m in Sources */ = {isa = PBXBuildFile; fileRef = AD1C9F9819646B950055A071 /* FKNib.m */; };
		AD6BB30819EEF6F200538169 /* FKView.m in Sources */ = {isa = PBXBuildFile; fileRef = AD1C9F9A19646B950055A071 /* FKView.m */; };
		AD6BB30919EEF6F200538169 /* FKViewController.m in Sources */ = {isa = PBXBuildFile; fileRef = AD1C9F9C19646B950055A071 /* FKViewController.m */; };
		AD6BB30D19EEF6F200538169 /* FCGIBeginRequestRecord.m in Sources */ = {isa = PBXBuildFile; fileRef = AD1C9FA719646B950055A071 /* FCGIBeginRequestRecord.m */; };
		AD6BB30E19EEF6F200538169 /* FCGIByteStreamRecord.m in Sources */ = {isa = PBXBuildFile; fileRef = AD1C9FA919646B950055A071 /* FCGIByteStreamRecord.m */; };
		AD6BB30F19EEF6F200538169 /* FCGIEndRequestRecord.m in Sources */ = {isa = PBXBuildFile; fileRef = AD1C9FAB19646B950055A071 /* FCGIEndRequestRecord.m */; };
		AD6BB31019EEF6F200538169 /* FCGIParamsRecord.m in Sources */ = {isa = PBXBuildFile; fileRef = AD1C9FAD19646B950055A071 /* FCGIParamsRecord.m */; };
		AD6BB31119EEF6F200538169 /* FCGIRecord.m in Sources */ = {isa = PBXBuildFile; fileRef = AD1C9FAF19646B950055A071 /* FCGIRecord.m */; };
		AD6BB31219EEF6F200538169 /* FCGIRequest.m in Sources */ = {isa = PBXBuildFile; fileRef = AD1C9FB119646B950055A071 /* FCGIRequest.m */; };
		AD6BB31319EEF73500538169 /* FKApplication.h in Headers */ = {isa = PBXBuildFile; fileRef = AD1C9F8119646B950055A071 /* FKApplication.h */; settings = {ATTRIBUTES = (Public, ); }; };
		AD6BB31419EEF73500538169 /* FKApplicationDelegate.h in Headers */ = {isa = PBXBuildFile; fileRef = AD1C9F8319646B950055A071 /* FKApplicationDelegate.h */; settings = {ATTRIBUTES = (Public, ); }; };
		AD6BB31619EEF73500538169 /* FKHTTPRequest.h in Headers */ = {isa = PBXBuildFile; fileRef = AD1C9F8719646B950055A071 /* FKHTTPRequest.h */; settings = {ATTRIBUTES = (Public, ); }; };
		AD6BB31719EEF73500538169 /* FKHTTPResponse.h in Headers */ = {isa = PBXBuildFile; fileRef = AD1C9F8919646B950055A071 /* FKHTTPResponse.h */; settings = {ATTRIBUTES = (Public, ); }; };
		AD6BB31819EEF73500538169 /* NSDate+RFC1123.h in Headers */ = {isa = PBXBuildFile; fileRef = AD1C9F8B19646B950055A071 /* NSDate+RFC1123.h */; settings = {ATTRIBUTES = (Public, ); }; };
		AD6BB31919EEF73500538169 /* NSHTTPCookie+FCGIKit.h in Headers */ = {isa = PBXBuildFile; fileRef = AD1C9F8D19646B950055A071 /* NSHTTPCookie+FCGIKit.h */; settings = {ATTRIBUTES = (Public, ); }; };
		AD6BB31A19EEF73500538169 /* NSString+FCGIKit.h in Headers */ = {isa = PBXBuildFile; fileRef = AD1C9F8F19646B950055A071 /* NSString+FCGIKit.h */; settings = {ATTRIBUTES = (Public, ); }; };
		AD6BB31B19EEF73500538169 /* FKNib.h in Headers */ = {isa = PBXBuildFile; fileRef = AD1C9F9719646B950055A071 /* FKNib.h */; settings = {ATTRIBUTES = (Public, ); }; };
		AD6BB31C19EEF73500538169 /* FKView.h in Headers */ = {isa = PBXBuildFile; fileRef = AD1C9F9919646B950055A071 /* FKView.h */; settings = {ATTRIBUTES = (Public, ); }; };
		AD6BB31D19EEF73500538169 /* FKViewController.h in Headers */ = {isa = PBXBuildFile; fileRef = AD1C9F9B19646B950055A071 /* FKViewController.h */; settings = {ATTRIBUTES = (Public, ); }; };
		AD6BB31E19EEF73500538169 /* FCGIKit.h in Headers */ = {isa = PBXBuildFile; fileRef = AD1C9F9D19646B950055A071 /* FCGIKit.h */; settings = {ATTRIBUTES = (Public, ); }; };
		AD6BB32219EEF73500538169 /* FCGIBeginRequestRecord.h in Headers */ = {isa = PBXBuildFile; fileRef = AD1C9FA619646B950055A071 /* FCGIBeginRequestRecord.h */; settings = {ATTRIBUTES = (Public, ); }; };
		AD6BB32319EEF73500538169 /* FCGIByteStreamRecord.h in Headers */ = {isa = PBXBuildFile; fileRef = AD1C9FA819646B950055A071 /* FCGIByteStreamRecord.h */; settings = {ATTRIBUTES = (Public, ); }; };
		AD6BB32419EEF73500538169 /* FCGIEndRequestRecord.h in Headers */ = {isa = PBXBuildFile; fileRef = AD1C9FAA19646B950055A071 /* FCGIEndRequestRecord.h */; settings = {ATTRIBUTES = (Public, ); }; };
		AD6BB32519EEF73500538169 /* FCGIParamsRecord.h in Headers */ = {isa = PBXBuildFile; fileRef = AD1C9FAC19646B950055A071 /* FCGIParamsRecord.h */; settings = {ATTRIBUTES = (Public, ); }; };
		AD6BB32619EEF73500538169 /* FCGIRecord.h in Headers */ = {isa = PBXBuildFile; fileRef = AD1C9FAE19646B950055A071 /* FCGIRecord.h */; settings = {ATTRIBUTES = (Public, ); }; };
		AD6BB32719EEF73600538169 /* FCGIRequest.h in Headers */ = {isa = PBXBuildFile; fileRef = AD1C9FB019646B950055A071 /* FCGIRequest.h */; settings = {ATTRIBUTES = (Public, ); }; };
		AD6BB32819EEF73600538169 /* FCGITypes.h in Headers */ = {isa = PBXBuildFile; fileRef = AD1C9FB219646B950055A071 /* FCGITypes.h */; settings = {ATTRIBUTES = (Public, ); }; };
		AD6BB32919EEF7D300538169 /* FKRoute.h in Headers */ = {isa = PBXBuildFile; fileRef = AD1C9F9219646B950055A071 /* FKRoute.h */; settings = {ATTRIBUTES = (Public, ); }; };
		AD6BB32A19EEF7D300538169 /* FKRoutingCenter.h in Headers */ = {isa = PBXBuildFile; fileRef = AD1C9F9419646B950055A071 /* FKRoutingCenter.h */; settings = {ATTRIBUTES = (Public, ); }; };
		ADA196A719EEF94D007F12F1 /* Foundation.framework in Frameworks */ = {isa = PBXBuildFile; fileRef = AD0EA94A17284CB4005C3923 /* Foundation.framework */; };
		ADA196A819EEF954007F12F1 /* CFNetwork.framework in Frameworks */ = {isa = PBXBuildFile; fileRef = AD66805918E6674E002805EC /* CFNetwork.framework */; };
		ADEBDD311AD8615D00A82C27 /* GCDAsyncSocket.h in Headers */ = {isa = PBXBuildFile; fileRef = ADEBDD2F1AD8615D00A82C27 /* GCDAsyncSocket.h */; settings = {ATTRIBUTES = (Public, ); }; };
		ADEBDD321AD8615D00A82C27 /* GCDAsyncSocket.m in Sources */ = {isa = PBXBuildFile; fileRef = ADEBDD301AD8615D00A82C27 /* GCDAsyncSocket.m */; };
/* End PBXBuildFile section */

/* Begin PBXFileReference section */
		AD0EA94A17284CB4005C3923 /* Foundation.framework */ = {isa = PBXFileReference; lastKnownFileType = wrapper.framework; name = Foundation.framework; path = System/Library/Frameworks/Foundation.framework; sourceTree = SDKROOT; };
		AD1C9F8119646B950055A071 /* FKApplication.h */ = {isa = PBXFileReference; fileEncoding = 4; lastKnownFileType = sourcecode.c.h; path = FKApplication.h; sourceTree = "<group>"; };
		AD1C9F8219646B950055A071 /* FKApplication.m */ = {isa = PBXFileReference; fileEncoding = 4; lastKnownFileType = sourcecode.c.objc; path = FKApplication.m; sourceTree = "<group>"; };
		AD1C9F8319646B950055A071 /* FKApplicationDelegate.h */ = {isa = PBXFileReference; fileEncoding = 4; lastKnownFileType = sourcecode.c.h; path = FKApplicationDelegate.h; sourceTree = "<group>"; };
		AD1C9F8719646B950055A071 /* FKHTTPRequest.h */ = {isa = PBXFileReference; fileEncoding = 4; lastKnownFileType = sourcecode.c.h; name = FKHTTPRequest.h; path = FCGIKit/Classes/FKHTTPRequest.h; sourceTree = SOURCE_ROOT; };
		AD1C9F8819646B950055A071 /* FKHTTPRequest.m */ = {isa = PBXFileReference; fileEncoding = 4; lastKnownFileType = sourcecode.c.objc; name = FKHTTPRequest.m; path = FCGIKit/Classes/FKHTTPRequest.m; sourceTree = SOURCE_ROOT; };
		AD1C9F8919646B950055A071 /* FKHTTPResponse.h */ = {isa = PBXFileReference; fileEncoding = 4; lastKnownFileType = sourcecode.c.h; name = FKHTTPResponse.h; path = FCGIKit/Classes/FKHTTPResponse.h; sourceTree = SOURCE_ROOT; };
		AD1C9F8A19646B950055A071 /* FKHTTPResponse.m */ = {isa = PBXFileReference; fileEncoding = 4; lastKnownFileType = sourcecode.c.objc; name = FKHTTPResponse.m; path = FCGIKit/Classes/FKHTTPResponse.m; sourceTree = SOURCE_ROOT; };
		AD1C9F8B19646B950055A071 /* NSDate+RFC1123.h */ = {isa = PBXFileReference; fileEncoding = 4; lastKnownFileType = sourcecode.c.h; name = "NSDate+RFC1123.h"; path = "FCGIKit/Classes/NSDate+RFC1123.h"; sourceTree = SOURCE_ROOT; };
		AD1C9F8C19646B950055A071 /* NSDate+RFC1123.m */ = {isa = PBXFileReference; fileEncoding = 4; lastKnownFileType = sourcecode.c.objc; name = "NSDate+RFC1123.m"; path = "FCGIKit/Classes/NSDate+RFC1123.m"; sourceTree = SOURCE_ROOT; };
		AD1C9F8D19646B950055A071 /* NSHTTPCookie+FCGIKit.h */ = {isa = PBXFileReference; fileEncoding = 4; lastKnownFileType = sourcecode.c.h; name = "NSHTTPCookie+FCGIKit.h"; path = "FCGIKit/Classes/NSHTTPCookie+FCGIKit.h"; sourceTree = SOURCE_ROOT; };
		AD1C9F8E19646B950055A071 /* NSHTTPCookie+FCGIKit.m */ = {isa = PBXFileReference; fileEncoding = 4; lastKnownFileType = sourcecode.c.objc; name = "NSHTTPCookie+FCGIKit.m"; path = "FCGIKit/Classes/NSHTTPCookie+FCGIKit.m"; sourceTree = SOURCE_ROOT; };
		AD1C9F8F19646B950055A071 /* NSString+FCGIKit.h */ = {isa = PBXFileReference; fileEncoding = 4; lastKnownFileType = sourcecode.c.h; name = "NSString+FCGIKit.h"; path = "FCGIKit/Classes/NSString+FCGIKit.h"; sourceTree = SOURCE_ROOT; };
		AD1C9F9019646B950055A071 /* NSString+FCGIKit.m */ = {isa = PBXFileReference; fileEncoding = 4; lastKnownFileType = sourcecode.c.objc; name = "NSString+FCGIKit.m"; path = "FCGIKit/Classes/NSString+FCGIKit.m"; sourceTree = SOURCE_ROOT; };
		AD1C9F9219646B950055A071 /* FKRoute.h */ = {isa = PBXFileReference; fileEncoding = 4; lastKnownFileType = sourcecode.c.h; name = FKRoute.h; path = FCGIKit/Classes/FKRoute.h; sourceTree = SOURCE_ROOT; };
		AD1C9F9319646B950055A071 /* FKRoute.m */ = {isa = PBXFileReference; fileEncoding = 4; lastKnownFileType = sourcecode.c.objc; name = FKRoute.m; path = FCGIKit/Classes/FKRoute.m; sourceTree = SOURCE_ROOT; };
		AD1C9F9419646B950055A071 /* FKRoutingCenter.h */ = {isa = PBXFileReference; fileEncoding = 4; lastKnownFileType = sourcecode.c.h; name = FKRoutingCenter.h; path = FCGIKit/Classes/FKRoutingCenter.h; sourceTree = SOURCE_ROOT; };
		AD1C9F9519646B950055A071 /* FKRoutingCenter.m */ = {isa = PBXFileReference; fileEncoding = 4; lastKnownFileType = sourcecode.c.objc; name = FKRoutingCenter.m; path = FCGIKit/Classes/FKRoutingCenter.m; sourceTree = SOURCE_ROOT; };
		AD1C9F9719646B950055A071 /* FKNib.h */ = {isa = PBXFileReference; fileEncoding = 4; lastKnownFileType = sourcecode.c.h; name = FKNib.h; path = FCGIKit/Classes/FKNib.h; sourceTree = SOURCE_ROOT; };
		AD1C9F9819646B950055A071 /* FKNib.m */ = {isa = PBXFileReference; fileEncoding = 4; lastKnownFileType = sourcecode.c.objc; name = FKNib.m; path = FCGIKit/Classes/FKNib.m; sourceTree = SOURCE_ROOT; };
		AD1C9F9919646B950055A071 /* FKView.h */ = {isa = PBXFileReference; fileEncoding = 4; lastKnownFileType = sourcecode.c.h; name = FKView.h; path = FCGIKit/Classes/FKView.h; sourceTree = SOURCE_ROOT; };
		AD1C9F9A19646B950055A071 /* FKView.m */ = {isa = PBXFileReference; fileEncoding = 4; lastKnownFileType = sourcecode.c.objc; name = FKView.m; path = FCGIKit/Classes/FKView.m; sourceTree = SOURCE_ROOT; };
		AD1C9F9B19646B950055A071 /* FKViewController.h */ = {isa = PBXFileReference; fileEncoding = 4; lastKnownFileType = sourcecode.c.h; name = FKViewController.h; path = FCGIKit/Classes/FKViewController.h; sourceTree = SOURCE_ROOT; };
		AD1C9F9C19646B950055A071 /* FKViewController.m */ = {isa = PBXFileReference; fileEncoding = 4; lastKnownFileType = sourcecode.c.objc; name = FKViewController.m; path = FCGIKit/Classes/FKViewController.m; sourceTree = SOURCE_ROOT; };
		AD1C9F9D19646B950055A071 /* FCGIKit.h */ = {isa = PBXFileReference; fileEncoding = 4; lastKnownFileType = sourcecode.c.h; path = FCGIKit.h; sourceTree = "<group>"; };
		AD1C9F9F19646B950055A071 /* FCGIKit-Prefix.pch */ = {isa = PBXFileReference; fileEncoding = 4; lastKnownFileType = sourcecode.c.h; path = "FCGIKit-Prefix.pch"; sourceTree = "<group>"; };
		AD1C9FA619646B950055A071 /* FCGIBeginRequestRecord.h */ = {isa = PBXFileReference; fileEncoding = 4; lastKnownFileType = sourcecode.c.h; name = FCGIBeginRequestRecord.h; path = FCGIKit/Classes/FCGIBeginRequestRecord.h; sourceTree = SOURCE_ROOT; };
		AD1C9FA719646B950055A071 /* FCGIBeginRequestRecord.m */ = {isa = PBXFileReference; fileEncoding = 4; lastKnownFileType = sourcecode.c.objc; name = FCGIBeginRequestRecord.m; path = FCGIKit/Classes/FCGIBeginRequestRecord.m; sourceTree = SOURCE_ROOT; };
		AD1C9FA819646B950055A071 /* FCGIByteStreamRecord.h */ = {isa = PBXFileReference; fileEncoding = 4; lastKnownFileType = sourcecode.c.h; name = FCGIByteStreamRecord.h; path = FCGIKit/Classes/FCGIByteStreamRecord.h; sourceTree = SOURCE_ROOT; };
		AD1C9FA919646B950055A071 /* FCGIByteStreamRecord.m */ = {isa = PBXFileReference; fileEncoding = 4; lastKnownFileType = sourcecode.c.objc; name = FCGIByteStreamRecord.m; path = FCGIKit/Classes/FCGIByteStreamRecord.m; sourceTree = SOURCE_ROOT; };
		AD1C9FAA19646B950055A071 /* FCGIEndRequestRecord.h */ = {isa = PBXFileReference; fileEncoding = 4; lastKnownFileType = sourcecode.c.h; name = FCGIEndRequestRecord.h; path = FCGIKit/Classes/FCGIEndRequestRecord.h; sourceTree = SOURCE_ROOT; };
		AD1C9FAB19646B950055A071 /* FCGIEndRequestRecord.m */ = {isa = PBXFileReference; fileEncoding = 4; lastKnownFileType = sourcecode.c.objc; name = FCGIEndRequestRecord.m; path = FCGIKit/Classes/FCGIEndRequestRecord.m; sourceTree = SOURCE_ROOT; };
		AD1C9FAC19646B950055A071 /* FCGIParamsRecord.h */ = {isa = PBXFileReference; fileEncoding = 4; lastKnownFileType = sourcecode.c.h; name = FCGIParamsRecord.h; path = FCGIKit/Classes/FCGIParamsRecord.h; sourceTree = SOURCE_ROOT; };
		AD1C9FAD19646B950055A071 /* FCGIParamsRecord.m */ = {isa = PBXFileReference; fileEncoding = 4; lastKnownFileType = sourcecode.c.objc; name = FCGIParamsRecord.m; path = FCGIKit/Classes/FCGIParamsRecord.m; sourceTree = SOURCE_ROOT; };
		AD1C9FAE19646B950055A071 /* FCGIRecord.h */ = {isa = PBXFileReference; fileEncoding = 4; lastKnownFileType = sourcecode.c.h; name = FCGIRecord.h; path = FCGIKit/Classes/FCGIRecord.h; sourceTree = SOURCE_ROOT; };
		AD1C9FAF19646B950055A071 /* FCGIRecord.m */ = {isa = PBXFileReference; fileEncoding = 4; lastKnownFileType = sourcecode.c.objc; name = FCGIRecord.m; path = FCGIKit/Classes/FCGIRecord.m; sourceTree = SOURCE_ROOT; };
		AD1C9FB019646B950055A071 /* FCGIRequest.h */ = {isa = PBXFileReference; fileEncoding = 4; lastKnownFileType = sourcecode.c.h; name = FCGIRequest.h; path = FCGIKit/Classes/FCGIRequest.h; sourceTree = SOURCE_ROOT; };
		AD1C9FB119646B950055A071 /* FCGIRequest.m */ = {isa = PBXFileReference; fileEncoding = 4; lastKnownFileType = sourcecode.c.objc; name = FCGIRequest.m; path = FCGIKit/Classes/FCGIRequest.m; sourceTree = SOURCE_ROOT; };
		AD1C9FB219646B950055A071 /* FCGITypes.h */ = {isa = PBXFileReference; fileEncoding = 4; lastKnownFileType = sourcecode.c.h; name = FCGITypes.h; path = FCGIKit/Classes/FCGITypes.h; sourceTree = SOURCE_ROOT; };
		AD66805918E6674E002805EC /* CFNetwork.framework */ = {isa = PBXFileReference; lastKnownFileType = wrapper.framework; name = CFNetwork.framework; path = System/Library/Frameworks/CFNetwork.framework; sourceTree = SDKROOT; };
		AD67CF3F1BBC383E0063EFB4 /* FCGIKit.podspec */ = {isa = PBXFileReference; fileEncoding = 4; lastKnownFileType = text; path = FCGIKit.podspec; sourceTree = SOURCE_ROOT; };
		AD6BB2E619EEF47300538169 /* FCGIKit.framework */ = {isa = PBXFileReference; explicitFileType = wrapper.framework; includeInIndex = 0; path = FCGIKit.framework; sourceTree = BUILT_PRODUCTS_DIR; };
		AD6BB2E919EEF47300538169 /* Info.plist */ = {isa = PBXFileReference; lastKnownFileType = text.plist.xml; path = Info.plist; sourceTree = "<group>"; };
		ADEBDD2F1AD8615D00A82C27 /* GCDAsyncSocket.h */ = {isa = PBXFileReference; fileEncoding = 4; lastKnownFileType = sourcecode.c.h; path = GCDAsyncSocket.h; sourceTree = "<group>"; };
		ADEBDD301AD8615D00A82C27 /* GCDAsyncSocket.m */ = {isa = PBXFileReference; fileEncoding = 4; lastKnownFileType = sourcecode.c.objc; path = GCDAsyncSocket.m; sourceTree = "<group>"; };
/* End PBXFileReference section */

/* Begin PBXFrameworksBuildPhase section */
		AD6BB2E219EEF47300538169 /* Frameworks */ = {
			isa = PBXFrameworksBuildPhase;
			buildActionMask = 2147483647;
			files = (
				ADA196A819EEF954007F12F1 /* CFNetwork.framework in Frameworks */,
				ADA196A719EEF94D007F12F1 /* Foundation.framework in Frameworks */,
			);
			runOnlyForDeploymentPostprocessing = 0;
		};
/* End PBXFrameworksBuildPhase section */

/* Begin PBXGroup section */
		AD0EA93817284CB4005C3923 = {
			isa = PBXGroup;
			children = (
				AD1C9F7F19646B950055A071 /* FCGIKit */,
				AD0EA94417284CB4005C3923 /* Frameworks */,
				AD0EA94317284CB4005C3923 /* Products */,
			);
			sourceTree = "<group>";
			usesTabs = 1;
		};
		AD0EA94317284CB4005C3923 /* Products */ = {
			isa = PBXGroup;
			children = (
				AD6BB2E619EEF47300538169 /* FCGIKit.framework */,
			);
			name = Products;
			sourceTree = "<group>";
		};
		AD0EA94417284CB4005C3923 /* Frameworks */ = {
			isa = PBXGroup;
			children = (
				AD66805918E6674E002805EC /* CFNetwork.framework */,
				AD0EA94A17284CB4005C3923 /* Foundation.framework */,
			);
			name = Frameworks;
			sourceTree = "<group>";
		};
		AD1C9F7F19646B950055A071 /* FCGIKit */ = {
			isa = PBXGroup;
			children = (
				AD1C9F9D19646B950055A071 /* FCGIKit.h */,
				AD1C9F8019646B950055A071 /* Classes */,
				AD1C9FDF19646BA30055A071 /* Supporting Files */,
			);
			path = FCGIKit;
			sourceTree = "<group>";
		};
		AD1C9F8019646B950055A071 /* Classes */ = {
			isa = PBXGroup;
			children = (
				ADEBDD2F1AD8615D00A82C27 /* GCDAsyncSocket.h */,
				ADEBDD301AD8615D00A82C27 /* GCDAsyncSocket.m */,
				AD1C9F8119646B950055A071 /* FKApplication.h */,
				AD1C9F8219646B950055A071 /* FKApplication.m */,
				AD1C9F8319646B950055A071 /* FKApplicationDelegate.h */,
				AD1C9F8619646B950055A071 /* HTTP */,
				AD1C9F9119646B950055A071 /* Routing */,
				AD1C9F9619646B950055A071 /* Views */,
				AD1C9FA519646B950055A071 /* FCGIProtocol */,
			);
			path = Classes;
			sourceTree = "<group>";
		};
		AD1C9F8619646B950055A071 /* HTTP */ = {
			isa = PBXGroup;
			children = (
				AD1C9F8719646B950055A071 /* FKHTTPRequest.h */,
				AD1C9F8819646B950055A071 /* FKHTTPRequest.m */,
				AD1C9F8919646B950055A071 /* FKHTTPResponse.h */,
				AD1C9F8A19646B950055A071 /* FKHTTPResponse.m */,
				AD1C9F8B19646B950055A071 /* NSDate+RFC1123.h */,
				AD1C9F8C19646B950055A071 /* NSDate+RFC1123.m */,
				AD1C9F8D19646B950055A071 /* NSHTTPCookie+FCGIKit.h */,
				AD1C9F8E19646B950055A071 /* NSHTTPCookie+FCGIKit.m */,
				AD1C9F8F19646B950055A071 /* NSString+FCGIKit.h */,
				AD1C9F9019646B950055A071 /* NSString+FCGIKit.m */,
			);
			path = HTTP;
			sourceTree = "<group>";
		};
		AD1C9F9119646B950055A071 /* Routing */ = {
			isa = PBXGroup;
			children = (
				AD1C9F9219646B950055A071 /* FKRoute.h */,
				AD1C9F9319646B950055A071 /* FKRoute.m */,
				AD1C9F9419646B950055A071 /* FKRoutingCenter.h */,
				AD1C9F9519646B950055A071 /* FKRoutingCenter.m */,
			);
			path = Routing;
			sourceTree = "<group>";
		};
		AD1C9F9619646B950055A071 /* Views */ = {
			isa = PBXGroup;
			children = (
				AD1C9F9719646B950055A071 /* FKNib.h */,
				AD1C9F9819646B950055A071 /* FKNib.m */,
				AD1C9F9919646B950055A071 /* FKView.h */,
				AD1C9F9A19646B950055A071 /* FKView.m */,
				AD1C9F9B19646B950055A071 /* FKViewController.h */,
				AD1C9F9C19646B950055A071 /* FKViewController.m */,
			);
			path = Views;
			sourceTree = "<group>";
		};
		AD1C9FA519646B950055A071 /* FCGIProtocol */ = {
			isa = PBXGroup;
			children = (
				AD1C9FA619646B950055A071 /* FCGIBeginRequestRecord.h */,
				AD1C9FA719646B950055A071 /* FCGIBeginRequestRecord.m */,
				AD1C9FA819646B950055A071 /* FCGIByteStreamRecord.h */,
				AD1C9FA919646B950055A071 /* FCGIByteStreamRecord.m */,
				AD1C9FAA19646B950055A071 /* FCGIEndRequestRecord.h */,
				AD1C9FAB19646B950055A071 /* FCGIEndRequestRecord.m */,
				AD1C9FAC19646B950055A071 /* FCGIParamsRecord.h */,
				AD1C9FAD19646B950055A071 /* FCGIParamsRecord.m */,
				AD1C9FAE19646B950055A071 /* FCGIRecord.h */,
				AD1C9FAF19646B950055A071 /* FCGIRecord.m */,
				AD1C9FB019646B950055A071 /* FCGIRequest.h */,
				AD1C9FB119646B950055A071 /* FCGIRequest.m */,
				AD1C9FB219646B950055A071 /* FCGITypes.h */,
			);
			path = FCGIProtocol;
			sourceTree = "<group>";
		};
		AD1C9FDF19646BA30055A071 /* Supporting Files */ = {
			isa = PBXGroup;
			children = (
				AD67CF3F1BBC383E0063EFB4 /* FCGIKit.podspec */,
				AD6BB2E919EEF47300538169 /* Info.plist */,
				AD1C9F9F19646B950055A071 /* FCGIKit-Prefix.pch */,
			);
			name = "Supporting Files";
			sourceTree = "<group>";
		};
/* End PBXGroup section */

/* Begin PBXHeadersBuildPhase section */
		AD6BB2E319EEF47300538169 /* Headers */ = {
			isa = PBXHeadersBuildPhase;
			buildActionMask = 2147483647;
			files = (
				AD6BB31E19EEF73500538169 /* FCGIKit.h in Headers */,
				AD6BB31319EEF73500538169 /* FKApplication.h in Headers */,
				AD6BB31419EEF73500538169 /* FKApplicationDelegate.h in Headers */,
				AD6BB31619EEF73500538169 /* FKHTTPRequest.h in Headers */,
				AD6BB31719EEF73500538169 /* FKHTTPResponse.h in Headers */,
				AD6BB31819EEF73500538169 /* NSDate+RFC1123.h in Headers */,
				AD6BB31919EEF73500538169 /* NSHTTPCookie+FCGIKit.h in Headers */,
				AD6BB31A19EEF73500538169 /* NSString+FCGIKit.h in Headers */,
				AD6BB31B19EEF73500538169 /* FKNib.h in Headers */,
				AD6BB31C19EEF73500538169 /* FKView.h in Headers */,
				AD6BB31D19EEF73500538169 /* FKViewController.h in Headers */,
				AD6BB32219EEF73500538169 /* FCGIBeginRequestRecord.h in Headers */,
				AD6BB32319EEF73500538169 /* FCGIByteStreamRecord.h in Headers */,
				AD6BB32A19EEF7D300538169 /* FKRoutingCenter.h in Headers */,
				AD6BB32419EEF73500538169 /* FCGIEndRequestRecord.h in Headers */,
				AD6BB32519EEF73500538169 /* FCGIParamsRecord.h in Headers */,
				AD6BB32619EEF73500538169 /* FCGIRecord.h in Headers */,
				AD6BB32919EEF7D300538169 /* FKRoute.h in Headers */,
				AD6BB32719EEF73600538169 /* FCGIRequest.h in Headers */,
				ADEBDD311AD8615D00A82C27 /* GCDAsyncSocket.h in Headers */,
				AD6BB32819EEF73600538169 /* FCGITypes.h in Headers */,
			);
			runOnlyForDeploymentPostprocessing = 0;
		};
/* End PBXHeadersBuildPhase section */

/* Begin PBXNativeTarget section */
		AD6BB2E519EEF47300538169 /* FCGIKit */ = {
			isa = PBXNativeTarget;
			buildConfigurationList = AD6BB2F619EEF47300538169 /* Build configuration list for PBXNativeTarget "FCGIKit" */;
			buildPhases = (
				AD6BB2E119EEF47300538169 /* Sources */,
				AD6BB2E219EEF47300538169 /* Frameworks */,
				AD6BB2E319EEF47300538169 /* Headers */,
				AD6BB2E419EEF47300538169 /* Resources */,
			);
			buildRules = (
			);
			dependencies = (
			);
			name = FCGIKit;
			productName = FCGIKit;
			productReference = AD6BB2E619EEF47300538169 /* FCGIKit.framework */;
			productType = "com.apple.product-type.framework";
		};
/* End PBXNativeTarget section */

/* Begin PBXProject section */
		AD0EA93917284CB4005C3923 /* Project object */ = {
			isa = PBXProject;
			attributes = {
				LastUpgradeCheck = 0800;
				ORGANIZATIONNAME = "Catalin Stan";
				TargetAttributes = {
					AD6BB2E519EEF47300538169 = {
						CreatedOnToolsVersion = 6.0.1;
					};
				};
			};
			buildConfigurationList = AD0EA93C17284CB4005C3923 /* Build configuration list for PBXProject "FCGIKit" */;
			compatibilityVersion = "Xcode 3.2";
			developmentRegion = English;
			hasScannedForEncodings = 0;
			knownRegions = (
				en,
				Base,
			);
			mainGroup = AD0EA93817284CB4005C3923;
			productRefGroup = AD0EA94317284CB4005C3923 /* Products */;
			projectDirPath = "";
			projectRoot = "";
			targets = (
				AD6BB2E519EEF47300538169 /* FCGIKit */,
			);
		};
/* End PBXProject section */

/* Begin PBXResourcesBuildPhase section */
		AD6BB2E419EEF47300538169 /* Resources */ = {
			isa = PBXResourcesBuildPhase;
			buildActionMask = 2147483647;
			files = (
				AD67CF401BBC383E0063EFB4 /* FCGIKit.podspec in Resources */,
			);
			runOnlyForDeploymentPostprocessing = 0;
		};
/* End PBXResourcesBuildPhase section */

/* Begin PBXSourcesBuildPhase section */
		AD6BB2E119EEF47300538169 /* Sources */ = {
			isa = PBXSourcesBuildPhase;
			buildActionMask = 2147483647;
			files = (
				AD6BB2FE19EEF6F200538169 /* FKApplication.m in Sources */,
				AD6BB30019EEF6F200538169 /* FKHTTPRequest.m in Sources */,
				AD6BB30119EEF6F200538169 /* FKHTTPResponse.m in Sources */,
				AD6BB30219EEF6F200538169 /* NSDate+RFC1123.m in Sources */,
				AD6BB30319EEF6F200538169 /* NSHTTPCookie+FCGIKit.m in Sources */,
				AD6BB30419EEF6F200538169 /* NSString+FCGIKit.m in Sources */,
				ADEBDD321AD8615D00A82C27 /* GCDAsyncSocket.m in Sources */,
				AD6BB30519EEF6F200538169 /* FKRoute.m in Sources */,
				AD6BB30619EEF6F200538169 /* FKRoutingCenter.m in Sources */,
				AD6BB30719EEF6F200538169 /* FKNib.m in Sources */,
				AD6BB30819EEF6F200538169 /* FKView.m in Sources */,
				AD6BB30919EEF6F200538169 /* FKViewController.m in Sources */,
				AD6BB30D19EEF6F200538169 /* FCGIBeginRequestRecord.m in Sources */,
				AD6BB30E19EEF6F200538169 /* FCGIByteStreamRecord.m in Sources */,
				AD6BB30F19EEF6F200538169 /* FCGIEndRequestRecord.m in Sources */,
				AD6BB31019EEF6F200538169 /* FCGIParamsRecord.m in Sources */,
				AD6BB31119EEF6F200538169 /* FCGIRecord.m in Sources */,
				AD6BB31219EEF6F200538169 /* FCGIRequest.m in Sources */,
			);
			runOnlyForDeploymentPostprocessing = 0;
		};
/* End PBXSourcesBuildPhase section */

/* Begin XCBuildConfiguration section */
		AD0EA95517284CB4005C3923 /* Debug */ = {
			isa = XCBuildConfiguration;
			buildSettings = {
				ALWAYS_SEARCH_USER_PATHS = NO;
				CLANG_CXX_LANGUAGE_STANDARD = "gnu++0x";
				CLANG_CXX_LIBRARY = "libc++";
				CLANG_WARN_BOOL_CONVERSION = YES;
				CLANG_WARN_CONSTANT_CONVERSION = YES;
				CLANG_WARN_EMPTY_BODY = YES;
				CLANG_WARN_ENUM_CONVERSION = YES;
				CLANG_WARN_INFINITE_RECURSION = YES;
				CLANG_WARN_INT_CONVERSION = YES;
				CLANG_WARN_SUSPICIOUS_MOVE = YES;
				CLANG_WARN_UNREACHABLE_CODE = YES;
				CLANG_WARN__DUPLICATE_METHOD_MATCH = YES;
				CODE_SIGN_IDENTITY = "";
				COPY_PHASE_STRIP = NO;
				DYLIB_COMPATIBILITY_VERSION = A;
				DYLIB_CURRENT_VERSION = A;
				ENABLE_STRICT_OBJC_MSGSEND = YES;
				ENABLE_TESTABILITY = YES;
				GCC_C_LANGUAGE_STANDARD = gnu99;
				GCC_DYNAMIC_NO_PIC = NO;
				GCC_ENABLE_OBJC_EXCEPTIONS = YES;
				GCC_NO_COMMON_BLOCKS = YES;
				GCC_OPTIMIZATION_LEVEL = 0;
				GCC_PREPROCESSOR_DEFINITIONS = (
					"DEBUG=1",
					"$(inherited)",
				);
				GCC_SYMBOLS_PRIVATE_EXTERN = NO;
				GCC_WARN_64_TO_32_BIT_CONVERSION = YES;
				GCC_WARN_ABOUT_RETURN_TYPE = YES;
				GCC_WARN_UNDECLARED_SELECTOR = YES;
				GCC_WARN_UNINITIALIZED_AUTOS = YES;
				GCC_WARN_UNUSED_FUNCTION = YES;
				GCC_WARN_UNUSED_VARIABLE = YES;
				MACH_O_TYPE = staticlib;
				MACOSX_DEPLOYMENT_TARGET = 10.8;
				ONLY_ACTIVE_ARCH = YES;
				VALID_ARCHS = x86_64;
			};
			name = Debug;
		};
		AD0EA95617284CB4005C3923 /* Release */ = {
			isa = XCBuildConfiguration;
			buildSettings = {
				ALWAYS_SEARCH_USER_PATHS = NO;
				CLANG_CXX_LANGUAGE_STANDARD = "gnu++0x";
				CLANG_CXX_LIBRARY = "libc++";
				CLANG_WARN_BOOL_CONVERSION = YES;
				CLANG_WARN_CONSTANT_CONVERSION = YES;
				CLANG_WARN_EMPTY_BODY = YES;
				CLANG_WARN_ENUM_CONVERSION = YES;
				CLANG_WARN_INFINITE_RECURSION = YES;
				CLANG_WARN_INT_CONVERSION = YES;
				CLANG_WARN_SUSPICIOUS_MOVE = YES;
				CLANG_WARN_UNREACHABLE_CODE = YES;
				CLANG_WARN__DUPLICATE_METHOD_MATCH = YES;
				CODE_SIGN_IDENTITY = "";
				COPY_PHASE_STRIP = YES;
				DEBUG_INFORMATION_FORMAT = "dwarf-with-dsym";
				DYLIB_COMPATIBILITY_VERSION = A;
				DYLIB_CURRENT_VERSION = A;
				ENABLE_STRICT_OBJC_MSGSEND = YES;
				GCC_C_LANGUAGE_STANDARD = gnu99;
				GCC_ENABLE_OBJC_EXCEPTIONS = YES;
				GCC_NO_COMMON_BLOCKS = YES;
				GCC_WARN_64_TO_32_BIT_CONVERSION = YES;
				GCC_WARN_ABOUT_RETURN_TYPE = YES;
				GCC_WARN_UNDECLARED_SELECTOR = YES;
				GCC_WARN_UNINITIALIZED_AUTOS = YES;
				GCC_WARN_UNUSED_FUNCTION = YES;
				GCC_WARN_UNUSED_VARIABLE = YES;
				MACH_O_TYPE = staticlib;
				MACOSX_DEPLOYMENT_TARGET = 10.8;
				VALID_ARCHS = x86_64;
			};
			name = Release;
		};
		AD6BB2F719EEF47300538169 /* Debug */ = {
			isa = XCBuildConfiguration;
			buildSettings = {
				CLANG_ENABLE_MODULES = YES;
				CLANG_ENABLE_OBJC_ARC = YES;
				CLANG_WARN_BOOL_CONVERSION = YES;
				CLANG_WARN_DIRECT_OBJC_ISA_USAGE = YES_ERROR;
				CLANG_WARN_OBJC_ROOT_CLASS = YES_ERROR;
				CLANG_WARN_UNREACHABLE_CODE = YES;
				COMBINE_HIDPI_IMAGES = YES;
				CURRENT_PROJECT_VERSION = 1;
				DEFINES_MODULE = YES;
				DYLIB_COMPATIBILITY_VERSION = 1;
				DYLIB_CURRENT_VERSION = 1;
				DYLIB_INSTALL_NAME_BASE = "@rpath";
				ENABLE_STRICT_OBJC_MSGSEND = NO;
				FRAMEWORK_VERSION = A;
				GCC_PREFIX_HEADER = "FCGIKit/FCGIKit-Prefix.pch";
				GCC_PREPROCESSOR_DEFINITIONS = (
					"DEBUG=1",
					"$(inherited)",
				);
				GCC_WARN_ABOUT_RETURN_TYPE = YES_ERROR;
				GCC_WARN_UNDECLARED_SELECTOR = YES;
				GCC_WARN_UNINITIALIZED_AUTOS = YES_AGGRESSIVE;
				GCC_WARN_UNUSED_FUNCTION = YES;
				INFOPLIST_FILE = FCGIKit/Info.plist;
				INSTALL_PATH = "@loader_path/../Frameworks";
				MACH_O_TYPE = mh_dylib;
				MACOSX_DEPLOYMENT_TARGET = 10.8;
				MTL_ENABLE_DEBUG_INFO = YES;
				PRODUCT_BUNDLE_IDENTIFIER = "com.catalinstan.$(PRODUCT_NAME:rfc1034identifier)";
				PRODUCT_NAME = "$(TARGET_NAME)";
				SKIP_INSTALL = YES;
				VERSIONING_SYSTEM = "apple-generic";
				VERSION_INFO_PREFIX = "";
			};
			name = Debug;
		};
		AD6BB2F819EEF47300538169 /* Release */ = {
			isa = XCBuildConfiguration;
			buildSettings = {
				CLANG_ENABLE_MODULES = YES;
				CLANG_ENABLE_OBJC_ARC = YES;
				CLANG_WARN_BOOL_CONVERSION = YES;
				CLANG_WARN_DIRECT_OBJC_ISA_USAGE = YES_ERROR;
				CLANG_WARN_OBJC_ROOT_CLASS = YES_ERROR;
				CLANG_WARN_UNREACHABLE_CODE = YES;
				COMBINE_HIDPI_IMAGES = YES;
				CURRENT_PROJECT_VERSION = 1;
				DEFINES_MODULE = YES;
				DYLIB_COMPATIBILITY_VERSION = 1;
				DYLIB_CURRENT_VERSION = 1;
				DYLIB_INSTALL_NAME_BASE = "@rpath";
				ENABLE_NS_ASSERTIONS = NO;
				ENABLE_STRICT_OBJC_MSGSEND = NO;
				FRAMEWORK_VERSION = A;
				GCC_PREFIX_HEADER = "FCGIKit/FCGIKit-Prefix.pch";
				GCC_WARN_ABOUT_RETURN_TYPE = YES_ERROR;
				GCC_WARN_UNDECLARED_SELECTOR = YES;
				GCC_WARN_UNINITIALIZED_AUTOS = YES_AGGRESSIVE;
				GCC_WARN_UNUSED_FUNCTION = YES;
				INFOPLIST_FILE = FCGIKit/Info.plist;
				INSTALL_PATH = "@loader_path/../Frameworks";
				MACH_O_TYPE = mh_dylib;
				MACOSX_DEPLOYMENT_TARGET = 10.8;
				MTL_ENABLE_DEBUG_INFO = NO;
				PRODUCT_BUNDLE_IDENTIFIER = "com.catalinstan.$(PRODUCT_NAME:rfc1034identifier)";
				PRODUCT_NAME = "$(TARGET_NAME)";
				SKIP_INSTALL = YES;
				VERSIONING_SYSTEM = "apple-generic";
				VERSION_INFO_PREFIX = "";
			};
			name = Release;
		};
/* End XCBuildConfiguration section */

/* Begin XCConfigurationList section */
		AD0EA93C17284CB4005C3923 /* Build configuration list for PBXProject "FCGIKit" */ = {
			isa = XCConfigurationList;
			buildConfigurations = (
				AD0EA95517284CB4005C3923 /* Debug */,
				AD0EA95617284CB4005C3923 /* Release */,
			);
			defaultConfigurationIsVisible = 0;
			defaultConfigurationName = Release;
		};
		AD6BB2F619EEF47300538169 /* Build configuration list for PBXNativeTarget "FCGIKit" */ = {
			isa = XCConfigurationList;
			buildConfigurations = (
				AD6BB2F719EEF47300538169 /* Debug */,
				AD6BB2F819EEF47300538169 /* Release */,
			);
			defaultConfigurationIsVisible = 0;
			defaultConfigurationName = Release;
		};
/* End XCConfigurationList section */
	};
	rootObject = AD0EA93917284CB4005C3923 /* Project object */;
}
