// !$*UTF8*$!
{
	archiveVersion = 1;
	classes = {
	};
	objectVersion = 46;
	objects = {

/* Begin PBXBuildFile section */
		AD0EA9A017285C01005C3923 /* main.m in Sources */ = {isa = PBXBuildFile; fileRef = AD0EA99F17285C01005C3923 /* main.m */; };
		AD0EA9A417285C01005C3923 /* Test_FCGIKit.1 in CopyFiles */ = {isa = PBXBuildFile; fileRef = AD0EA9A317285C01005C3923 /* Test_FCGIKit.1 */; };
		AD0EA9DC1728682A005C3923 /* FCGITest.m in Sources */ = {isa = PBXBuildFile; fileRef = AD0EA9DB1728682A005C3923 /* FCGITest.m */; };
		AD0EACBF1728BF4C005C3923 /* InfoPlist.strings in Resources */ = {isa = PBXBuildFile; fileRef = AD0EACBD1728BF4C005C3923 /* InfoPlist.strings */; };
		AD0EACC91728BFCC005C3923 /* Test-FCGIKit in CopyFiles */ = {isa = PBXBuildFile; fileRef = AD0EA99917285C01005C3923 /* Test-FCGIKit */; };
		AD0EACDD1728C38A005C3923 /* libfcgikit.a in Frameworks */ = {isa = PBXBuildFile; fileRef = AD0EAA3D17287DF0005C3923 /* libfcgikit.a */; };
		AD285C4E1731C1C300987F63 /* Foundation.framework in Frameworks */ = {isa = PBXBuildFile; fileRef = AD285C4D1731C1C300987F63 /* Foundation.framework */; };
		ADC4A82D172961C800AEB78E /* Test-FCGIKit-CocoaBundle.bundle in CopyFiles */ = {isa = PBXBuildFile; fileRef = AD0EACB81728BF4C005C3923 /* Test-FCGIKit-CocoaBundle.bundle */; };
/* End PBXBuildFile section */

/* Begin PBXContainerItemProxy section */
		AD0EAA3C17287DF0005C3923 /* PBXContainerItemProxy */ = {
			isa = PBXContainerItemProxy;
			containerPortal = AD0EA9AA17285C11005C3923 /* FCGIKit.xcodeproj */;
			proxyType = 2;
			remoteGlobalIDString = AD0EAA2C17287C06005C3923;
			remoteInfo = fcgikit;
		};
		AD0EACCA1728BFE1005C3923 /* PBXContainerItemProxy */ = {
			isa = PBXContainerItemProxy;
			containerPortal = AD0EA99117285C01005C3923 /* Project object */;
			proxyType = 1;
			remoteGlobalIDString = AD0EA99817285C01005C3923;
			remoteInfo = "Test-FCGIKit";
		};
		AD0EACDB1728C381005C3923 /* PBXContainerItemProxy */ = {
			isa = PBXContainerItemProxy;
			containerPortal = AD0EA9AA17285C11005C3923 /* FCGIKit.xcodeproj */;
			proxyType = 1;
			remoteGlobalIDString = AD0EAA2B17287C06005C3923;
			remoteInfo = fcgikit;
		};
/* End PBXContainerItemProxy section */

/* Begin PBXCopyFilesBuildPhase section */
		AD0EA99717285C01005C3923 /* CopyFiles */ = {
			isa = PBXCopyFilesBuildPhase;
			buildActionMask = 2147483647;
			dstPath = /usr/share/man/man1/;
			dstSubfolderSpec = 0;
			files = (
				AD0EA9A417285C01005C3923 /* Test_FCGIKit.1 in CopyFiles */,
			);
			runOnlyForDeploymentPostprocessing = 1;
		};
		AD0EA9D51728652F005C3923 /* CopyFiles */ = {
			isa = PBXCopyFilesBuildPhase;
			buildActionMask = 2147483647;
			dstPath = "";
			dstSubfolderSpec = 16;
			files = (
			);
			runOnlyForDeploymentPostprocessing = 0;
		};
		AD0EACC81728BFAF005C3923 /* CopyFiles */ = {
			isa = PBXCopyFilesBuildPhase;
			buildActionMask = 2147483647;
			dstPath = "";
			dstSubfolderSpec = 6;
			files = (
				AD0EACC91728BFCC005C3923 /* Test-FCGIKit in CopyFiles */,
			);
			runOnlyForDeploymentPostprocessing = 0;
		};
		AD0EACCF1728C0CD005C3923 /* CopyFiles */ = {
			isa = PBXCopyFilesBuildPhase;
			buildActionMask = 2147483647;
			dstPath = /Users/catalin/Sites/fcgi/;
			dstSubfolderSpec = 0;
			files = (
				ADC4A82D172961C800AEB78E /* Test-FCGIKit-CocoaBundle.bundle in CopyFiles */,
			);
			runOnlyForDeploymentPostprocessing = 0;
		};
/* End PBXCopyFilesBuildPhase section */

/* Begin PBXFileReference section */
		AD0EA99917285C01005C3923 /* Test-FCGIKit */ = {isa = PBXFileReference; explicitFileType = "compiled.mach-o.executable"; includeInIndex = 0; path = "Test-FCGIKit"; sourceTree = BUILT_PRODUCTS_DIR; };
		AD0EA99F17285C01005C3923 /* main.m */ = {isa = PBXFileReference; lastKnownFileType = sourcecode.c.objc; path = main.m; sourceTree = "<group>"; };
		AD0EA9A217285C01005C3923 /* Test-FCGIKit-Prefix.pch */ = {isa = PBXFileReference; lastKnownFileType = sourcecode.c.h; path = "Test-FCGIKit-Prefix.pch"; sourceTree = "<group>"; };
		AD0EA9A317285C01005C3923 /* Test_FCGIKit.1 */ = {isa = PBXFileReference; lastKnownFileType = text.man; path = Test_FCGIKit.1; sourceTree = "<group>"; };
		AD0EA9AA17285C11005C3923 /* FCGIKit.xcodeproj */ = {isa = PBXFileReference; lastKnownFileType = "wrapper.pb-project"; name = FCGIKit.xcodeproj; path = ../FCGIKit/FCGIKit.xcodeproj; sourceTree = "<group>"; };
		AD0EA9DA1728682A005C3923 /* FCGITest.h */ = {isa = PBXFileReference; fileEncoding = 4; lastKnownFileType = sourcecode.c.h; path = FCGITest.h; sourceTree = "<group>"; };
		AD0EA9DB1728682A005C3923 /* FCGITest.m */ = {isa = PBXFileReference; fileEncoding = 4; lastKnownFileType = sourcecode.c.objc; path = FCGITest.m; sourceTree = "<group>"; };
		AD0EACB81728BF4C005C3923 /* Test-FCGIKit-CocoaBundle.bundle */ = {isa = PBXFileReference; explicitFileType = wrapper.cfbundle; includeInIndex = 0; path = "Test-FCGIKit-CocoaBundle.bundle"; sourceTree = BUILT_PRODUCTS_DIR; };
		AD0EACBC1728BF4C005C3923 /* Test-FCGIKit-CocoaBundle-Info.plist */ = {isa = PBXFileReference; lastKnownFileType = text.plist.xml; name = "Test-FCGIKit-CocoaBundle-Info.plist"; path = "Test-FCGIKit/Test-FCGIKit-CocoaBundle-Info.plist"; sourceTree = SOURCE_ROOT; };
		AD0EACBE1728BF4C005C3923 /* en */ = {isa = PBXFileReference; lastKnownFileType = text.plist.strings; name = en; path = en.lproj/InfoPlist.strings; sourceTree = "<group>"; };
		AD285C4D1731C1C300987F63 /* Foundation.framework */ = {isa = PBXFileReference; lastKnownFileType = wrapper.framework; name = Foundation.framework; path = System/Library/Frameworks/Foundation.framework; sourceTree = SDKROOT; };
		ADE85C29177CD09E00636C96 /* libssl.dylib */ = {isa = PBXFileReference; lastKnownFileType = "compiled.mach-o.dylib"; name = libssl.dylib; path = usr/lib/libssl.dylib; sourceTree = SDKROOT; };
/* End PBXFileReference section */

/* Begin PBXFrameworksBuildPhase section */
		AD0EA99617285C01005C3923 /* Frameworks */ = {
			isa = PBXFrameworksBuildPhase;
			buildActionMask = 2147483647;
			files = (
				AD285C4E1731C1C300987F63 /* Foundation.framework in Frameworks */,
				AD0EACDD1728C38A005C3923 /* libfcgikit.a in Frameworks */,
			);
			runOnlyForDeploymentPostprocessing = 0;
		};
		AD0EACB51728BF4C005C3923 /* Frameworks */ = {
			isa = PBXFrameworksBuildPhase;
			buildActionMask = 2147483647;
			files = (
			);
			runOnlyForDeploymentPostprocessing = 0;
		};
/* End PBXFrameworksBuildPhase section */

/* Begin PBXGroup section */
		AD0EA99017285C01005C3923 = {
			isa = PBXGroup;
			children = (
				AD0EA9AA17285C11005C3923 /* FCGIKit.xcodeproj */,
				AD0EA99E17285C01005C3923 /* Test-FCGIKit */,
				AD0EA99B17285C01005C3923 /* Frameworks */,
				AD0EA99A17285C01005C3923 /* Products */,
			);
			sourceTree = "<group>";
		};
		AD0EA99A17285C01005C3923 /* Products */ = {
			isa = PBXGroup;
			children = (
				AD0EA99917285C01005C3923 /* Test-FCGIKit */,
				AD0EACB81728BF4C005C3923 /* Test-FCGIKit-CocoaBundle.bundle */,
			);
			name = Products;
			sourceTree = "<group>";
		};
		AD0EA99B17285C01005C3923 /* Frameworks */ = {
			isa = PBXGroup;
			children = (
				ADE85C29177CD09E00636C96 /* libssl.dylib */,
				AD285C4D1731C1C300987F63 /* Foundation.framework */,
			);
			name = Frameworks;
			sourceTree = "<group>";
		};
		AD0EA99E17285C01005C3923 /* Test-FCGIKit */ = {
			isa = PBXGroup;
			children = (
				AD0EA99F17285C01005C3923 /* main.m */,
				AD0EA9A317285C01005C3923 /* Test_FCGIKit.1 */,
				AD0EA9DA1728682A005C3923 /* FCGITest.h */,
				AD0EA9DB1728682A005C3923 /* FCGITest.m */,
				AD0EA9A117285C01005C3923 /* Supporting Files */,
			);
			path = "Test-FCGIKit";
			sourceTree = "<group>";
		};
		AD0EA9A117285C01005C3923 /* Supporting Files */ = {
			isa = PBXGroup;
			children = (
				AD0EA9A217285C01005C3923 /* Test-FCGIKit-Prefix.pch */,
				AD0EACBC1728BF4C005C3923 /* Test-FCGIKit-CocoaBundle-Info.plist */,
				AD0EACBD1728BF4C005C3923 /* InfoPlist.strings */,
			);
			name = "Supporting Files";
			sourceTree = "<group>";
		};
		AD0EA9AB17285C11005C3923 /* Products */ = {
			isa = PBXGroup;
			children = (
				AD0EAA3D17287DF0005C3923 /* libfcgikit.a */,
			);
			name = Products;
			sourceTree = "<group>";
		};
/* End PBXGroup section */

/* Begin PBXNativeTarget section */
		AD0EA99817285C01005C3923 /* Test-FCGIKit */ = {
			isa = PBXNativeTarget;
			buildConfigurationList = AD0EA9A717285C01005C3923 /* Build configuration list for PBXNativeTarget "Test-FCGIKit" */;
			buildPhases = (
				AD0EA99517285C01005C3923 /* Sources */,
				AD0EA99617285C01005C3923 /* Frameworks */,
				AD0EA99717285C01005C3923 /* CopyFiles */,
				AD0EA9D51728652F005C3923 /* CopyFiles */,
			);
			buildRules = (
			);
			dependencies = (
				AD0EACDC1728C381005C3923 /* PBXTargetDependency */,
			);
			name = "Test-FCGIKit";
			productName = "Test-FCGIKit";
			productReference = AD0EA99917285C01005C3923 /* Test-FCGIKit */;
			productType = "com.apple.product-type.tool";
		};
		AD0EACB71728BF4C005C3923 /* Test-FCGIKit-CocoaBundle */ = {
			isa = PBXNativeTarget;
			buildConfigurationList = AD0EACC11728BF4C005C3923 /* Build configuration list for PBXNativeTarget "Test-FCGIKit-CocoaBundle" */;
			buildPhases = (
				AD0EACB41728BF4C005C3923 /* Sources */,
				AD0EACB51728BF4C005C3923 /* Frameworks */,
				AD0EACB61728BF4C005C3923 /* Resources */,
				AD0EACC81728BFAF005C3923 /* CopyFiles */,
				AD0EACCF1728C0CD005C3923 /* CopyFiles */,
				AD3E8AAB177C71BE004C65F3 /* ShellScript */,
			);
			buildRules = (
			);
			dependencies = (
				AD0EACCB1728BFE1005C3923 /* PBXTargetDependency */,
			);
			name = "Test-FCGIKit-CocoaBundle";
			productName = "Test-FCGIKit-CocoaBundle";
			productReference = AD0EACB81728BF4C005C3923 /* Test-FCGIKit-CocoaBundle.bundle */;
			productType = "com.apple.product-type.bundle";
		};
/* End PBXNativeTarget section */

/* Begin PBXProject section */
		AD0EA99117285C01005C3923 /* Project object */ = {
			isa = PBXProject;
			attributes = {
				LastUpgradeCheck = 0460;
				ORGANIZATIONNAME = "Catalin Stan";
			};
			buildConfigurationList = AD0EA99417285C01005C3923 /* Build configuration list for PBXProject "Test-FCGIKit" */;
			compatibilityVersion = "Xcode 3.2";
			developmentRegion = English;
			hasScannedForEncodings = 0;
			knownRegions = (
				en,
			);
			mainGroup = AD0EA99017285C01005C3923;
			productRefGroup = AD0EA99A17285C01005C3923 /* Products */;
			projectDirPath = "";
			projectReferences = (
				{
					ProductGroup = AD0EA9AB17285C11005C3923 /* Products */;
					ProjectRef = AD0EA9AA17285C11005C3923 /* FCGIKit.xcodeproj */;
				},
			);
			projectRoot = "";
			targets = (
				AD0EA99817285C01005C3923 /* Test-FCGIKit */,
				AD0EACB71728BF4C005C3923 /* Test-FCGIKit-CocoaBundle */,
			);
		};
/* End PBXProject section */

/* Begin PBXReferenceProxy section */
		AD0EAA3D17287DF0005C3923 /* libfcgikit.a */ = {
			isa = PBXReferenceProxy;
			fileType = archive.ar;
			path = libfcgikit.a;
			remoteRef = AD0EAA3C17287DF0005C3923 /* PBXContainerItemProxy */;
			sourceTree = BUILT_PRODUCTS_DIR;
		};
/* End PBXReferenceProxy section */

/* Begin PBXResourcesBuildPhase section */
		AD0EACB61728BF4C005C3923 /* Resources */ = {
			isa = PBXResourcesBuildPhase;
			buildActionMask = 2147483647;
			files = (
				AD0EACBF1728BF4C005C3923 /* InfoPlist.strings in Resources */,
			);
			runOnlyForDeploymentPostprocessing = 0;
		};
/* End PBXResourcesBuildPhase section */

/* Begin PBXShellScriptBuildPhase section */
		AD3E8AAB177C71BE004C65F3 /* ShellScript */ = {
			isa = PBXShellScriptBuildPhase;
			buildActionMask = 2147483647;
			files = (
			);
			inputPaths = (
			);
			outputPaths = (
			);
			runOnlyForDeploymentPostprocessing = 0;
			shellPath = /bin/sh;
			shellScript = "echo \"Lockmeout#2\"|sudo -S killall Test-FCGIKit\necho \"Lockmeout#2\"|sudo -S apachectl restart";
		};
/* End PBXShellScriptBuildPhase section */

/* Begin PBXSourcesBuildPhase section */
		AD0EA99517285C01005C3923 /* Sources */ = {
			isa = PBXSourcesBuildPhase;
			buildActionMask = 2147483647;
			files = (
				AD0EA9A017285C01005C3923 /* main.m in Sources */,
				AD0EA9DC1728682A005C3923 /* FCGITest.m in Sources */,
			);
			runOnlyForDeploymentPostprocessing = 0;
		};
		AD0EACB41728BF4C005C3923 /* Sources */ = {
			isa = PBXSourcesBuildPhase;
			buildActionMask = 2147483647;
			files = (
			);
			runOnlyForDeploymentPostprocessing = 0;
		};
/* End PBXSourcesBuildPhase section */

/* Begin PBXTargetDependency section */
		AD0EACCB1728BFE1005C3923 /* PBXTargetDependency */ = {
			isa = PBXTargetDependency;
			target = AD0EA99817285C01005C3923 /* Test-FCGIKit */;
			targetProxy = AD0EACCA1728BFE1005C3923 /* PBXContainerItemProxy */;
		};
		AD0EACDC1728C381005C3923 /* PBXTargetDependency */ = {
			isa = PBXTargetDependency;
			name = fcgikit;
			targetProxy = AD0EACDB1728C381005C3923 /* PBXContainerItemProxy */;
		};
/* End PBXTargetDependency section */

/* Begin PBXVariantGroup section */
		AD0EACBD1728BF4C005C3923 /* InfoPlist.strings */ = {
			isa = PBXVariantGroup;
			children = (
				AD0EACBE1728BF4C005C3923 /* en */,
			);
			name = InfoPlist.strings;
			path = "Test-FCGIKit";
			sourceTree = SOURCE_ROOT;
		};
/* End PBXVariantGroup section */

/* Begin XCBuildConfiguration section */
		AD0EA9A517285C01005C3923 /* Debug */ = {
			isa = XCBuildConfiguration;
			buildSettings = {
				ALWAYS_SEARCH_USER_PATHS = NO;
				ARCHS = "$(ARCHS_STANDARD_64_BIT)";
				CLANG_CXX_LANGUAGE_STANDARD = "gnu++0x";
				CLANG_CXX_LIBRARY = "libc++";
				CLANG_WARN_CONSTANT_CONVERSION = YES;
				CLANG_WARN_EMPTY_BODY = YES;
				CLANG_WARN_ENUM_CONVERSION = YES;
				CLANG_WARN_INT_CONVERSION = YES;
				CLANG_WARN__DUPLICATE_METHOD_MATCH = YES;
				COPY_PHASE_STRIP = NO;
				GCC_C_LANGUAGE_STANDARD = gnu99;
				GCC_DYNAMIC_NO_PIC = NO;
				GCC_ENABLE_OBJC_EXCEPTIONS = YES;
				GCC_OPTIMIZATION_LEVEL = 0;
				GCC_PREPROCESSOR_DEFINITIONS = (
					"DEBUG=1",
					"$(inherited)",
				);
				GCC_SYMBOLS_PRIVATE_EXTERN = NO;
				GCC_WARN_64_TO_32_BIT_CONVERSION = YES;
				GCC_WARN_ABOUT_RETURN_TYPE = YES;
				GCC_WARN_UNINITIALIZED_AUTOS = YES;
				GCC_WARN_UNUSED_VARIABLE = YES;
				HEADER_SEARCH_PATHS = "${EXECUTABLE_PATH}/../../**";
				LIBRARY_SEARCH_PATHS = "${EXECUTABLE_PATH}/../../**";
				MACOSX_DEPLOYMENT_TARGET = 10.7;
				ONLY_ACTIVE_ARCH = YES;
				SDKROOT = macosx10.7;
				VALID_ARCHS = x86_64;
			};
			name = Debug;
		};
		AD0EA9A617285C01005C3923 /* Release */ = {
			isa = XCBuildConfiguration;
			buildSettings = {
				ALWAYS_SEARCH_USER_PATHS = NO;
				ARCHS = "$(ARCHS_STANDARD_64_BIT)";
				CLANG_CXX_LANGUAGE_STANDARD = "gnu++0x";
				CLANG_CXX_LIBRARY = "libc++";
				CLANG_WARN_CONSTANT_CONVERSION = YES;
				CLANG_WARN_EMPTY_BODY = YES;
				CLANG_WARN_ENUM_CONVERSION = YES;
				CLANG_WARN_INT_CONVERSION = YES;
				CLANG_WARN__DUPLICATE_METHOD_MATCH = YES;
				COPY_PHASE_STRIP = YES;
				DEBUG_INFORMATION_FORMAT = "dwarf-with-dsym";
				GCC_C_LANGUAGE_STANDARD = gnu99;
				GCC_ENABLE_OBJC_EXCEPTIONS = YES;
				GCC_WARN_64_TO_32_BIT_CONVERSION = YES;
				GCC_WARN_ABOUT_RETURN_TYPE = YES;
				GCC_WARN_UNINITIALIZED_AUTOS = YES;
				GCC_WARN_UNUSED_VARIABLE = YES;
				HEADER_SEARCH_PATHS = "${EXECUTABLE_PATH}/../../**";
				LIBRARY_SEARCH_PATHS = "${EXECUTABLE_PATH}/../../**";
				MACOSX_DEPLOYMENT_TARGET = 10.7;
				SDKROOT = macosx10.7;
				VALID_ARCHS = x86_64;
			};
			name = Release;
		};
		AD0EA9A817285C01005C3923 /* Debug */ = {
			isa = XCBuildConfiguration;
			buildSettings = {
				CLANG_ENABLE_OBJC_ARC = NO;
				GCC_PRECOMPILE_PREFIX_HEADER = YES;
				GCC_PREFIX_HEADER = "Test-FCGIKit/Test-FCGIKit-Prefix.pch";
				HEADER_SEARCH_PATHS = "${EXECUTABLE_PATH}/../../**";
				LIBRARY_SEARCH_PATHS = "${EXECUTABLE_FOLDER}";
				MACOSX_DEPLOYMENT_TARGET = 10.7;
				PRODUCT_NAME = "$(TARGET_NAME)";
			};
			name = Debug;
		};
		AD0EA9A917285C01005C3923 /* Release */ = {
			isa = XCBuildConfiguration;
			buildSettings = {
				CLANG_ENABLE_OBJC_ARC = NO;
				GCC_PRECOMPILE_PREFIX_HEADER = YES;
				GCC_PREFIX_HEADER = "Test-FCGIKit/Test-FCGIKit-Prefix.pch";
				HEADER_SEARCH_PATHS = "${EXECUTABLE_PATH}/../../**";
				LIBRARY_SEARCH_PATHS = "${EXECUTABLE_FOLDER}";
				MACOSX_DEPLOYMENT_TARGET = 10.7;
				PRODUCT_NAME = "$(TARGET_NAME)";
			};
			name = Release;
		};
		AD0EACC21728BF4C005C3923 /* Debug */ = {
			isa = XCBuildConfiguration;
			buildSettings = {
				ARCHS = "$(ARCHS_STANDARD_32_64_BIT)";
				COMBINE_HIDPI_IMAGES = YES;
				GCC_PRECOMPILE_PREFIX_HEADER = YES;
				GCC_PREFIX_HEADER = "Test-FCGIKit-CocoaBundle/Test-FCGIKit-CocoaBundle-Prefix.pch";
				INFOPLIST_FILE = "Test-FCGIKit/Test-FCGIKit-CocoaBundle-Info.plist";
				INSTALL_PATH = "$(LOCAL_LIBRARY_DIR)/Bundles";
				MACOSX_DEPLOYMENT_TARGET = 10.7;
				ONLY_ACTIVE_ARCH = NO;
				PRODUCT_NAME = "$(TARGET_NAME)";
				SDKROOT = macosx;
				WRAPPER_EXTENSION = bundle;
			};
			name = Debug;
		};
		AD0EACC31728BF4C005C3923 /* Release */ = {
			isa = XCBuildConfiguration;
			buildSettings = {
				ARCHS = "$(ARCHS_STANDARD_32_64_BIT)";
				COMBINE_HIDPI_IMAGES = YES;
				GCC_PRECOMPILE_PREFIX_HEADER = YES;
				GCC_PREFIX_HEADER = "Test-FCGIKit-CocoaBundle/Test-FCGIKit-CocoaBundle-Prefix.pch";
				INFOPLIST_FILE = "Test-FCGIKit/Test-FCGIKit-CocoaBundle-Info.plist";
				INSTALL_PATH = "$(LOCAL_LIBRARY_DIR)/Bundles";
				MACOSX_DEPLOYMENT_TARGET = 10.7;
				ONLY_ACTIVE_ARCH = NO;
				PRODUCT_NAME = "$(TARGET_NAME)";
				SDKROOT = macosx;
				WRAPPER_EXTENSION = bundle;
			};
			name = Release;
		};
/* End XCBuildConfiguration section */

/* Begin XCConfigurationList section */
		AD0EA99417285C01005C3923 /* Build configuration list for PBXProject "Test-FCGIKit" */ = {
			isa = XCConfigurationList;
			buildConfigurations = (
				AD0EA9A517285C01005C3923 /* Debug */,
				AD0EA9A617285C01005C3923 /* Release */,
			);
			defaultConfigurationIsVisible = 0;
			defaultConfigurationName = Release;
		};
		AD0EA9A717285C01005C3923 /* Build configuration list for PBXNativeTarget "Test-FCGIKit" */ = {
			isa = XCConfigurationList;
			buildConfigurations = (
				AD0EA9A817285C01005C3923 /* Debug */,
				AD0EA9A917285C01005C3923 /* Release */,
			);
			defaultConfigurationIsVisible = 0;
			defaultConfigurationName = Release;
		};
		AD0EACC11728BF4C005C3923 /* Build configuration list for PBXNativeTarget "Test-FCGIKit-CocoaBundle" */ = {
			isa = XCConfigurationList;
			buildConfigurations = (
				AD0EACC21728BF4C005C3923 /* Debug */,
				AD0EACC31728BF4C005C3923 /* Release */,
			);
			defaultConfigurationIsVisible = 0;
			defaultConfigurationName = Release;
		};
/* End XCConfigurationList section */
	};
	rootObject = AD0EA99117285C01005C3923 /* Project object */;
}
