// !$*UTF8*$!
{
	archiveVersion = 1;
	classes = {
	};
	objectVersion = 46;
	objects = {

/* Begin PBXBuildFile section */
		AD04B7BA192BC646003CC3B2 /* FCGIKitContactView.html in Resources */ = {isa = PBXBuildFile; fileRef = AD04B7B9192BC646003CC3B2 /* FCGIKitContactView.html */; };
		AD04B7BC192BC6F1003CC3B2 /* _default.html in Resources */ = {isa = PBXBuildFile; fileRef = AD04B7BB192BC670003CC3B2 /* _default.html */; };
		AD04B7C1192BE7B6003CC3B2 /* FCGIKitContactView.m in Sources */ = {isa = PBXBuildFile; fileRef = AD04B7C0192BE7B6003CC3B2 /* FCGIKitContactView.m */; };
		AD05885619261758005CE999 /* test.php in CopyFiles */ = {isa = PBXBuildFile; fileRef = AD0588541926173F005CE999 /* test.php */; };
		AD05885A19266120005CE999 /* upload.php in CopyFiles */ = {isa = PBXBuildFile; fileRef = AD058859192660B4005CE999 /* upload.php */; };
		AD0EA9A017285C01005C3923 /* main.m in Sources */ = {isa = PBXBuildFile; fileRef = AD0EA99F17285C01005C3923 /* main.m */; };
		AD0EA9DC1728682A005C3923 /* FCGITest.m in Sources */ = {isa = PBXBuildFile; fileRef = AD0EA9DB1728682A005C3923 /* FCGITest.m */; };
		AD0EACBF1728BF4C005C3923 /* InfoPlist.strings in Resources */ = {isa = PBXBuildFile; fileRef = AD0EACBD1728BF4C005C3923 /* InfoPlist.strings */; };
		AD0EACC91728BFCC005C3923 /* Test-FCGIKit in Copy executable */ = {isa = PBXBuildFile; fileRef = AD0EA99917285C01005C3923 /* Test-FCGIKit */; };
		AD2B7FF019292AB200CF5F07 /* FCGIKitNotFoundViewController.m in Sources */ = {isa = PBXBuildFile; fileRef = AD2B7FEF19292AB200CF5F07 /* FCGIKitNotFoundViewController.m */; };
		AD2B7FF2192943DC00CF5F07 /* FCGIKitNotFoundView.html in Resources */ = {isa = PBXBuildFile; fileRef = AD2B7FF1192943CC00CF5F07 /* FCGIKitNotFoundView.html */; };
		AD4AF0A31909AE7C005BF9F7 /* CoreServices.framework in Frameworks */ = {isa = PBXBuildFile; fileRef = AD4AF0A21909AE7C005BF9F7 /* CoreServices.framework */; };
		AD4E71B918E655BE00727C09 /* libfcgikit.a in Frameworks */ = {isa = PBXBuildFile; fileRef = ADD46C4118E6508E008B6E19 /* libfcgikit.a */; };
		AD54A47A1931088500C51154 /* FCGIKitDefaultView.m in Sources */ = {isa = PBXBuildFile; fileRef = AD54A4791931088500C51154 /* FCGIKitDefaultView.m */; };
		AD577678192BC31300A625E8 /* FCGIKitContactViewController.m in Sources */ = {isa = PBXBuildFile; fileRef = AD577677192BC31300A625E8 /* FCGIKitContactViewController.m */; };
		AD57767C192BC3B600A625E8 /* FCGIKitDefaultViewController.m in Sources */ = {isa = PBXBuildFile; fileRef = AD57767B192BC3B600A625E8 /* FCGIKitDefaultViewController.m */; };
		AD66805818E66712002805EC /* Foundation.framework in Frameworks */ = {isa = PBXBuildFile; fileRef = AD66805718E66712002805EC /* Foundation.framework */; };
		AD66805C18E6677A002805EC /* CFNetwork.framework in Frameworks */ = {isa = PBXBuildFile; fileRef = AD66805B18E6677A002805EC /* CFNetwork.framework */; };
		ADD46C3C18E65052008B6E19 /* TestBundle.bundle in Copy to Web */ = {isa = PBXBuildFile; fileRef = AD0EACB81728BF4C005C3923 /* TestBundle.bundle */; };
/* End PBXBuildFile section */

/* Begin PBXBuildRule section */
		AD058857192617BE005CE999 /* PBXBuildRule */ = {
			isa = PBXBuildRule;
			compilerSpec = com.apple.compilers.proxy.script;
			fileType = file.xib;
			isEditable = 1;
			outputFiles = (
			);
			script = "# ibtool\n";
		};
		AD058858192617CA005CE999 /* PBXBuildRule */ = {
			isa = PBXBuildRule;
			compilerSpec = com.apple.compilers.proxy.script;
			fileType = wrapper.nib;
			isEditable = 1;
			outputFiles = (
			);
			script = "# ibtool\n";
		};
/* End PBXBuildRule section */

/* Begin PBXContainerItemProxy section */
		AD0EACCA1728BFE1005C3923 /* PBXContainerItemProxy */ = {
			isa = PBXContainerItemProxy;
			containerPortal = AD0EA99117285C01005C3923 /* Project object */;
			proxyType = 1;
			remoteGlobalIDString = AD0EA99817285C01005C3923;
			remoteInfo = "Test-FCGIKit";
		};
		ADD46C4018E6508E008B6E19 /* PBXContainerItemProxy */ = {
			isa = PBXContainerItemProxy;
			containerPortal = AD0EA9AA17285C11005C3923 /* FCGIKit.xcodeproj */;
			proxyType = 2;
			remoteGlobalIDString = AD0EAA2C17287C06005C3923;
			remoteInfo = fcgikit;
		};
/* End PBXContainerItemProxy section */

/* Begin PBXCopyFilesBuildPhase section */
		AD0EA9D51728652F005C3923 /* CopyFiles */ = {
			isa = PBXCopyFilesBuildPhase;
			buildActionMask = 2147483647;
			dstPath = "";
			dstSubfolderSpec = 16;
			files = (
			);
			runOnlyForDeploymentPostprocessing = 0;
		};
		AD0EACC81728BFAF005C3923 /* Copy executable */ = {
			isa = PBXCopyFilesBuildPhase;
			buildActionMask = 2147483647;
			dstPath = "";
			dstSubfolderSpec = 6;
			files = (
				AD0EACC91728BFCC005C3923 /* Test-FCGIKit in Copy executable */,
			);
			name = "Copy executable";
			runOnlyForDeploymentPostprocessing = 0;
		};
		AD0EACCF1728C0CD005C3923 /* Copy to Web */ = {
			isa = PBXCopyFilesBuildPhase;
			buildActionMask = 2147483647;
			dstPath = "~/Sites/fcgi";
			dstSubfolderSpec = 0;
			files = (
				ADD46C3C18E65052008B6E19 /* TestBundle.bundle in Copy to Web */,
			);
			name = "Copy to Web";
			runOnlyForDeploymentPostprocessing = 0;
		};
		AD66804E18E65B39002805EC /* CopyFiles */ = {
			isa = PBXCopyFilesBuildPhase;
			buildActionMask = 12;
			dstPath = Public;
			dstSubfolderSpec = 1;
			files = (
				AD05885A19266120005CE999 /* upload.php in CopyFiles */,
				AD05885619261758005CE999 /* test.php in CopyFiles */,
			);
			runOnlyForDeploymentPostprocessing = 0;
		};
/* End PBXCopyFilesBuildPhase section */

/* Begin PBXFileReference section */
		AD04B7B9192BC646003CC3B2 /* FCGIKitContactView.html */ = {isa = PBXFileReference; fileEncoding = 4; lastKnownFileType = text.html; path = FCGIKitContactView.html; sourceTree = "<group>"; };
		AD04B7BB192BC670003CC3B2 /* _default.html */ = {isa = PBXFileReference; fileEncoding = 4; lastKnownFileType = text.html; path = _default.html; sourceTree = "<group>"; };
		AD04B7BF192BE7B6003CC3B2 /* FCGIKitContactView.h */ = {isa = PBXFileReference; fileEncoding = 4; lastKnownFileType = sourcecode.c.h; path = FCGIKitContactView.h; sourceTree = "<group>"; };
		AD04B7C0192BE7B6003CC3B2 /* FCGIKitContactView.m */ = {isa = PBXFileReference; fileEncoding = 4; lastKnownFileType = sourcecode.c.objc; path = FCGIKitContactView.m; sourceTree = "<group>"; };
		AD0588541926173F005CE999 /* test.php */ = {isa = PBXFileReference; fileEncoding = 4; lastKnownFileType = text.script.php; name = test.php; path = "Test-FCGIKit/test.php"; sourceTree = "<group>"; };
		AD058859192660B4005CE999 /* upload.php */ = {isa = PBXFileReference; lastKnownFileType = text.script.php; path = upload.php; sourceTree = "<group>"; };
		AD0EA99917285C01005C3923 /* Test-FCGIKit */ = {isa = PBXFileReference; explicitFileType = "compiled.mach-o.executable"; includeInIndex = 0; path = "Test-FCGIKit"; sourceTree = BUILT_PRODUCTS_DIR; };
		AD0EA99F17285C01005C3923 /* main.m */ = {isa = PBXFileReference; lastKnownFileType = sourcecode.c.objc; path = main.m; sourceTree = "<group>"; };
		AD0EA9A217285C01005C3923 /* Test-FCGIKit-Prefix.pch */ = {isa = PBXFileReference; lastKnownFileType = sourcecode.c.h; path = "Test-FCGIKit-Prefix.pch"; sourceTree = "<group>"; };
		AD0EA9AA17285C11005C3923 /* FCGIKit.xcodeproj */ = {isa = PBXFileReference; lastKnownFileType = "wrapper.pb-project"; name = FCGIKit.xcodeproj; path = ../FCGIKit.xcodeproj; sourceTree = "<group>"; };
		AD0EA9DA1728682A005C3923 /* FCGITest.h */ = {isa = PBXFileReference; fileEncoding = 4; lastKnownFileType = sourcecode.c.h; path = FCGITest.h; sourceTree = "<group>"; };
		AD0EA9DB1728682A005C3923 /* FCGITest.m */ = {isa = PBXFileReference; fileEncoding = 4; lastKnownFileType = sourcecode.c.objc; path = FCGITest.m; sourceTree = "<group>"; };
		AD0EACB81728BF4C005C3923 /* TestBundle.bundle */ = {isa = PBXFileReference; explicitFileType = wrapper.cfbundle; includeInIndex = 0; path = TestBundle.bundle; sourceTree = BUILT_PRODUCTS_DIR; };
		AD0EACBC1728BF4C005C3923 /* Test-FCGIKit-Info.plist */ = {isa = PBXFileReference; lastKnownFileType = text.plist.xml; name = "Test-FCGIKit-Info.plist"; path = "Test-FCGIKit/Test-FCGIKit-Info.plist"; sourceTree = SOURCE_ROOT; };
		AD0EACBE1728BF4C005C3923 /* en */ = {isa = PBXFileReference; lastKnownFileType = text.plist.strings; name = en; path = en.lproj/InfoPlist.strings; sourceTree = "<group>"; };
		AD2B7FEE19292AB200CF5F07 /* FCGIKitNotFoundViewController.h */ = {isa = PBXFileReference; fileEncoding = 4; lastKnownFileType = sourcecode.c.h; path = FCGIKitNotFoundViewController.h; sourceTree = "<group>"; };
		AD2B7FEF19292AB200CF5F07 /* FCGIKitNotFoundViewController.m */ = {isa = PBXFileReference; fileEncoding = 4; lastKnownFileType = sourcecode.c.objc; path = FCGIKitNotFoundViewController.m; sourceTree = "<group>"; };
		AD2B7FF1192943CC00CF5F07 /* FCGIKitNotFoundView.html */ = {isa = PBXFileReference; fileEncoding = 4; lastKnownFileType = text.html; path = FCGIKitNotFoundView.html; sourceTree = "<group>"; };
		AD4AF0A21909AE7C005BF9F7 /* CoreServices.framework */ = {isa = PBXFileReference; lastKnownFileType = wrapper.framework; name = CoreServices.framework; path = System/Library/Frameworks/CoreServices.framework; sourceTree = SDKROOT; };
		AD54A4781931086F00C51154 /* FCGIKitDefaultView.h */ = {isa = PBXFileReference; fileEncoding = 4; lastKnownFileType = sourcecode.c.h; path = FCGIKitDefaultView.h; sourceTree = "<group>"; };
		AD54A4791931088500C51154 /* FCGIKitDefaultView.m */ = {isa = PBXFileReference; fileEncoding = 4; lastKnownFileType = sourcecode.c.objc; path = FCGIKitDefaultView.m; sourceTree = "<group>"; };
		AD577676192BC31300A625E8 /* FCGIKitContactViewController.h */ = {isa = PBXFileReference; fileEncoding = 4; lastKnownFileType = sourcecode.c.h; path = FCGIKitContactViewController.h; sourceTree = "<group>"; };
		AD577677192BC31300A625E8 /* FCGIKitContactViewController.m */ = {isa = PBXFileReference; fileEncoding = 4; lastKnownFileType = sourcecode.c.objc; path = FCGIKitContactViewController.m; sourceTree = "<group>"; };
		AD57767A192BC3B600A625E8 /* FCGIKitDefaultViewController.h */ = {isa = PBXFileReference; fileEncoding = 4; lastKnownFileType = sourcecode.c.h; path = FCGIKitDefaultViewController.h; sourceTree = "<group>"; };
		AD57767B192BC3B600A625E8 /* FCGIKitDefaultViewController.m */ = {isa = PBXFileReference; fileEncoding = 4; lastKnownFileType = sourcecode.c.objc; path = FCGIKitDefaultViewController.m; sourceTree = "<group>"; };
		AD66805718E66712002805EC /* Foundation.framework */ = {isa = PBXFileReference; lastKnownFileType = wrapper.framework; name = Foundation.framework; path = System/Library/Frameworks/Foundation.framework; sourceTree = SDKROOT; };
		AD66805B18E6677A002805EC /* CFNetwork.framework */ = {isa = PBXFileReference; lastKnownFileType = wrapper.framework; name = CFNetwork.framework; path = System/Library/Frameworks/CFNetwork.framework; sourceTree = SDKROOT; };
/* End PBXFileReference section */

/* Begin PBXFrameworksBuildPhase section */
		AD0EA99617285C01005C3923 /* Frameworks */ = {
			isa = PBXFrameworksBuildPhase;
			buildActionMask = 2147483647;
			files = (
				AD4AF0A31909AE7C005BF9F7 /* CoreServices.framework in Frameworks */,
				AD66805C18E6677A002805EC /* CFNetwork.framework in Frameworks */,
				AD66805818E66712002805EC /* Foundation.framework in Frameworks */,
				AD4E71B918E655BE00727C09 /* libfcgikit.a in Frameworks */,
			);
			runOnlyForDeploymentPostprocessing = 0;
		};
		AD0EACB51728BF4C005C3923 /* Frameworks */ = {
			isa = PBXFrameworksBuildPhase;
			buildActionMask = 2147483647;
			files = (
			);
			runOnlyForDeploymentPostprocessing = 0;
		};
/* End PBXFrameworksBuildPhase section */

/* Begin PBXGroup section */
		AD0EA99017285C01005C3923 = {
			isa = PBXGroup;
			children = (
				AD0EA9AA17285C11005C3923 /* FCGIKit.xcodeproj */,
				AD0EA99E17285C01005C3923 /* Test-FCGIKit */,
				AD0EA99B17285C01005C3923 /* Frameworks */,
				AD0EA99A17285C01005C3923 /* Products */,
			);
			sourceTree = "<group>";
		};
		AD0EA99A17285C01005C3923 /* Products */ = {
			isa = PBXGroup;
			children = (
				AD0EA99917285C01005C3923 /* Test-FCGIKit */,
				AD0EACB81728BF4C005C3923 /* TestBundle.bundle */,
			);
			name = Products;
			sourceTree = "<group>";
		};
		AD0EA99B17285C01005C3923 /* Frameworks */ = {
			isa = PBXGroup;
			children = (
				AD4AF0A21909AE7C005BF9F7 /* CoreServices.framework */,
				AD66805B18E6677A002805EC /* CFNetwork.framework */,
				AD66805718E66712002805EC /* Foundation.framework */,
			);
			name = Frameworks;
			sourceTree = "<group>";
		};
		AD0EA99E17285C01005C3923 /* Test-FCGIKit */ = {
			isa = PBXGroup;
			children = (
				AD2B7FED19292A7B00CF5F07 /* ViewControllers */,
				AD0EA99F17285C01005C3923 /* main.m */,
				AD0EA9DA1728682A005C3923 /* FCGITest.h */,
				AD0EA9DB1728682A005C3923 /* FCGITest.m */,
				AD0EA9A117285C01005C3923 /* Supporting Files */,
				AD66804B18E65ACF002805EC /* Public */,
			);
			path = "Test-FCGIKit";
			sourceTree = "<group>";
		};
		AD0EA9A117285C01005C3923 /* Supporting Files */ = {
			isa = PBXGroup;
			children = (
				AD0EA9A217285C01005C3923 /* Test-FCGIKit-Prefix.pch */,
				AD0EACBC1728BF4C005C3923 /* Test-FCGIKit-Info.plist */,
				AD0EACBD1728BF4C005C3923 /* InfoPlist.strings */,
			);
			name = "Supporting Files";
			sourceTree = "<group>";
		};
		AD2B7FED19292A7B00CF5F07 /* ViewControllers */ = {
			isa = PBXGroup;
			children = (
				AD2B7FF1192943CC00CF5F07 /* FCGIKitNotFoundView.html */,
				AD2B7FEE19292AB200CF5F07 /* FCGIKitNotFoundViewController.h */,
				AD2B7FEF19292AB200CF5F07 /* FCGIKitNotFoundViewController.m */,
				AD04B7B9192BC646003CC3B2 /* FCGIKitContactView.html */,
				AD04B7BF192BE7B6003CC3B2 /* FCGIKitContactView.h */,
				AD04B7C0192BE7B6003CC3B2 /* FCGIKitContactView.m */,
				AD577676192BC31300A625E8 /* FCGIKitContactViewController.h */,
				AD577677192BC31300A625E8 /* FCGIKitContactViewController.m */,
				AD04B7BB192BC670003CC3B2 /* _default.html */,
				AD54A4781931086F00C51154 /* FCGIKitDefaultView.h */,
				AD54A4791931088500C51154 /* FCGIKitDefaultView.m */,
				AD57767A192BC3B600A625E8 /* FCGIKitDefaultViewController.h */,
				AD57767B192BC3B600A625E8 /* FCGIKitDefaultViewController.m */,
			);
			name = ViewControllers;
			sourceTree = "<group>";
		};
		AD66804B18E65ACF002805EC /* Public */ = {
			isa = PBXGroup;
			children = (
				AD058859192660B4005CE999 /* upload.php */,
				AD0588541926173F005CE999 /* test.php */,
			);
			name = Public;
			path = ..;
			sourceTree = "<group>";
		};
		ADD46C3D18E6508E008B6E19 /* Products */ = {
			isa = PBXGroup;
			children = (
				ADD46C4118E6508E008B6E19 /* libfcgikit.a */,
			);
			name = Products;
			sourceTree = "<group>";
		};
/* End PBXGroup section */

/* Begin PBXNativeTarget section */
		AD0EA99817285C01005C3923 /* Test-FCGIKit */ = {
			isa = PBXNativeTarget;
			buildConfigurationList = AD0EA9A717285C01005C3923 /* Build configuration list for PBXNativeTarget "Test-FCGIKit" */;
			buildPhases = (
				AD0EA99517285C01005C3923 /* Sources */,
				AD0EA99617285C01005C3923 /* Frameworks */,
				AD0EA9D51728652F005C3923 /* CopyFiles */,
			);
			buildRules = (
			);
			dependencies = (
			);
			name = "Test-FCGIKit";
			productName = "Test-FCGIKit";
			productReference = AD0EA99917285C01005C3923 /* Test-FCGIKit */;
			productType = "com.apple.product-type.tool";
		};
		AD0EACB71728BF4C005C3923 /* TestBundle */ = {
			isa = PBXNativeTarget;
			buildConfigurationList = AD0EACC11728BF4C005C3923 /* Build configuration list for PBXNativeTarget "TestBundle" */;
			buildPhases = (
				AD0EACB41728BF4C005C3923 /* Sources */,
				AD0EACB51728BF4C005C3923 /* Frameworks */,
				AD0EACB61728BF4C005C3923 /* Resources */,
				AD0EACC81728BFAF005C3923 /* Copy executable */,
				AD0EACCF1728C0CD005C3923 /* Copy to Web */,
				AD66804E18E65B39002805EC /* CopyFiles */,
				AD04B7BD192BD396003CC3B2 /* ShellScript */,
			);
			buildRules = (
				AD058858192617CA005CE999 /* PBXBuildRule */,
				AD058857192617BE005CE999 /* PBXBuildRule */,
			);
			dependencies = (
				AD0EACCB1728BFE1005C3923 /* PBXTargetDependency */,
			);
			name = TestBundle;
			productName = "Test-FCGIKit-CocoaBundle";
			productReference = AD0EACB81728BF4C005C3923 /* TestBundle.bundle */;
			productType = "com.apple.product-type.bundle";
		};
/* End PBXNativeTarget section */

/* Begin PBXProject section */
		AD0EA99117285C01005C3923 /* Project object */ = {
			isa = PBXProject;
			attributes = {
				LastUpgradeCheck = 0510;
				ORGANIZATIONNAME = "Catalin Stan";
			};
			buildConfigurationList = AD0EA99417285C01005C3923 /* Build configuration list for PBXProject "Test-FCGIKit" */;
			compatibilityVersion = "Xcode 3.2";
			developmentRegion = English;
			hasScannedForEncodings = 0;
			knownRegions = (
				en,
			);
			mainGroup = AD0EA99017285C01005C3923;
			productRefGroup = AD0EA99A17285C01005C3923 /* Products */;
			projectDirPath = "";
			projectReferences = (
				{
					ProductGroup = ADD46C3D18E6508E008B6E19 /* Products */;
					ProjectRef = AD0EA9AA17285C11005C3923 /* FCGIKit.xcodeproj */;
				},
			);
			projectRoot = "";
			targets = (
				AD0EA99817285C01005C3923 /* Test-FCGIKit */,
				AD0EACB71728BF4C005C3923 /* TestBundle */,
			);
		};
/* End PBXProject section */

/* Begin PBXReferenceProxy section */
		ADD46C4118E6508E008B6E19 /* libfcgikit.a */ = {
			isa = PBXReferenceProxy;
			fileType = archive.ar;
			path = libfcgikit.a;
			remoteRef = ADD46C4018E6508E008B6E19 /* PBXContainerItemProxy */;
			sourceTree = BUILT_PRODUCTS_DIR;
		};
/* End PBXReferenceProxy section */

/* Begin PBXResourcesBuildPhase section */
		AD0EACB61728BF4C005C3923 /* Resources */ = {
			isa = PBXResourcesBuildPhase;
			buildActionMask = 2147483647;
			files = (
				AD04B7BC192BC6F1003CC3B2 /* _default.html in Resources */,
				AD2B7FF2192943DC00CF5F07 /* FCGIKitNotFoundView.html in Resources */,
				AD0EACBF1728BF4C005C3923 /* InfoPlist.strings in Resources */,
				AD04B7BA192BC646003CC3B2 /* FCGIKitContactView.html in Resources */,
			);
			runOnlyForDeploymentPostprocessing = 0;
		};
/* End PBXResourcesBuildPhase section */

/* Begin PBXShellScriptBuildPhase section */
		AD04B7BD192BD396003CC3B2 /* ShellScript */ = {
			isa = PBXShellScriptBuildPhase;
			buildActionMask = 2147483647;
			files = (
			);
			inputPaths = (
			);
			outputPaths = (
			);
			runOnlyForDeploymentPostprocessing = 0;
			shellPath = /bin/sh;
			shellScript = "launchctl unload $PROJECT_DIR/../com.catalinstan.test-fcgikit.plist\nlaunchctl load $PROJECT_DIR/../com.catalinstan.test-fcgikit.plist\nopen http://fcgi.site/contact\n";
		};
/* End PBXShellScriptBuildPhase section */

/* Begin PBXSourcesBuildPhase section */
		AD0EA99517285C01005C3923 /* Sources */ = {
			isa = PBXSourcesBuildPhase;
			buildActionMask = 2147483647;
			files = (
				AD57767C192BC3B600A625E8 /* FCGIKitDefaultViewController.m in Sources */,
				AD04B7C1192BE7B6003CC3B2 /* FCGIKitContactView.m in Sources */,
				AD0EA9A017285C01005C3923 /* main.m in Sources */,
				AD577678192BC31300A625E8 /* FCGIKitContactViewController.m in Sources */,
				AD2B7FF019292AB200CF5F07 /* FCGIKitNotFoundViewController.m in Sources */,
				AD0EA9DC1728682A005C3923 /* FCGITest.m in Sources */,
				AD54A47A1931088500C51154 /* FCGIKitDefaultView.m in Sources */,
			);
			runOnlyForDeploymentPostprocessing = 0;
		};
		AD0EACB41728BF4C005C3923 /* Sources */ = {
			isa = PBXSourcesBuildPhase;
			buildActionMask = 2147483647;
			files = (
			);
			runOnlyForDeploymentPostprocessing = 0;
		};
/* End PBXSourcesBuildPhase section */

/* Begin PBXTargetDependency section */
		AD0EACCB1728BFE1005C3923 /* PBXTargetDependency */ = {
			isa = PBXTargetDependency;
			target = AD0EA99817285C01005C3923 /* Test-FCGIKit */;
			targetProxy = AD0EACCA1728BFE1005C3923 /* PBXContainerItemProxy */;
		};
/* End PBXTargetDependency section */

/* Begin PBXVariantGroup section */
		AD0EACBD1728BF4C005C3923 /* InfoPlist.strings */ = {
			isa = PBXVariantGroup;
			children = (
				AD0EACBE1728BF4C005C3923 /* en */,
			);
			name = InfoPlist.strings;
			path = "Test-FCGIKit";
			sourceTree = SOURCE_ROOT;
		};
/* End PBXVariantGroup section */

/* Begin XCBuildConfiguration section */
		AD0EA9A517285C01005C3923 /* Debug */ = {
			isa = XCBuildConfiguration;
			buildSettings = {
				ALWAYS_SEARCH_USER_PATHS = NO;
				CLANG_CXX_LANGUAGE_STANDARD = "gnu++0x";
				CLANG_CXX_LIBRARY = "libc++";
				CLANG_WARN_CONSTANT_CONVERSION = YES;
				CLANG_WARN_EMPTY_BODY = YES;
				CLANG_WARN_ENUM_CONVERSION = YES;
				CLANG_WARN_INT_CONVERSION = YES;
				CLANG_WARN__DUPLICATE_METHOD_MATCH = YES;
				COPY_PHASE_STRIP = NO;
				GCC_C_LANGUAGE_STANDARD = gnu99;
				GCC_DYNAMIC_NO_PIC = NO;
				GCC_ENABLE_OBJC_EXCEPTIONS = YES;
				GCC_OPTIMIZATION_LEVEL = 0;
				GCC_PREPROCESSOR_DEFINITIONS = (
					"DEBUG=1",
					"$(inherited)",
				);
				GCC_SYMBOLS_PRIVATE_EXTERN = NO;
				GCC_WARN_64_TO_32_BIT_CONVERSION = YES;
				GCC_WARN_ABOUT_RETURN_TYPE = YES;
				GCC_WARN_UNINITIALIZED_AUTOS = YES;
				GCC_WARN_UNUSED_VARIABLE = YES;
				HEADER_SEARCH_PATHS = "${EXECUTABLE_PATH}/../../**";
				LIBRARY_SEARCH_PATHS = "${EXECUTABLE_PATH}/../../**";
				MACOSX_DEPLOYMENT_TARGET = 10.7;
				ONLY_ACTIVE_ARCH = YES;
				SDKROOT = macosx;
				VALID_ARCHS = x86_64;
			};
			name = Debug;
		};
		AD0EA9A617285C01005C3923 /* Release */ = {
			isa = XCBuildConfiguration;
			buildSettings = {
				ALWAYS_SEARCH_USER_PATHS = NO;
				CLANG_CXX_LANGUAGE_STANDARD = "gnu++0x";
				CLANG_CXX_LIBRARY = "libc++";
				CLANG_WARN_CONSTANT_CONVERSION = YES;
				CLANG_WARN_EMPTY_BODY = YES;
				CLANG_WARN_ENUM_CONVERSION = YES;
				CLANG_WARN_INT_CONVERSION = YES;
				CLANG_WARN__DUPLICATE_METHOD_MATCH = YES;
				COPY_PHASE_STRIP = YES;
				DEBUG_INFORMATION_FORMAT = "dwarf-with-dsym";
				GCC_C_LANGUAGE_STANDARD = gnu99;
				GCC_ENABLE_OBJC_EXCEPTIONS = YES;
				GCC_WARN_64_TO_32_BIT_CONVERSION = YES;
				GCC_WARN_ABOUT_RETURN_TYPE = YES;
				GCC_WARN_UNINITIALIZED_AUTOS = YES;
				GCC_WARN_UNUSED_VARIABLE = YES;
				HEADER_SEARCH_PATHS = "${EXECUTABLE_PATH}/../../**";
				LIBRARY_SEARCH_PATHS = "${EXECUTABLE_PATH}/../../**";
				MACOSX_DEPLOYMENT_TARGET = 10.7;
				SDKROOT = macosx;
				VALID_ARCHS = x86_64;
			};
			name = Release;
		};
		AD0EA9A817285C01005C3923 /* Debug */ = {
			isa = XCBuildConfiguration;
			buildSettings = {
				CLANG_ENABLE_OBJC_ARC = YES;
				GCC_PRECOMPILE_PREFIX_HEADER = YES;
				GCC_PREFIX_HEADER = "Test-FCGIKit/Test-FCGIKit-Prefix.pch";
				HEADER_SEARCH_PATHS = "${EXECUTABLE_PATH}/../../**";
				LIBRARY_SEARCH_PATHS = "${EXECUTABLE_FOLDER}";
				MACOSX_DEPLOYMENT_TARGET = 10.7;
				OTHER_LDFLAGS = "-ObjC";
				PRODUCT_NAME = "$(TARGET_NAME)";
			};
			name = Debug;
		};
		AD0EA9A917285C01005C3923 /* Release */ = {
			isa = XCBuildConfiguration;
			buildSettings = {
				CLANG_ENABLE_OBJC_ARC = YES;
				GCC_PRECOMPILE_PREFIX_HEADER = YES;
				GCC_PREFIX_HEADER = "Test-FCGIKit/Test-FCGIKit-Prefix.pch";
				HEADER_SEARCH_PATHS = "${EXECUTABLE_PATH}/../../**";
				LIBRARY_SEARCH_PATHS = "${EXECUTABLE_FOLDER}";
				MACOSX_DEPLOYMENT_TARGET = 10.7;
				OTHER_LDFLAGS = "-ObjC";
				PRODUCT_NAME = "$(TARGET_NAME)";
			};
			name = Release;
		};
		AD0EACC21728BF4C005C3923 /* Debug */ = {
			isa = XCBuildConfiguration;
			buildSettings = {
				COMBINE_HIDPI_IMAGES = YES;
				GCC_PRECOMPILE_PREFIX_HEADER = YES;
				GCC_PREFIX_HEADER = "Test-FCGIKit-CocoaBundle/Test-FCGIKit-CocoaBundle-Prefix.pch";
				INFOPLIST_FILE = "Test-FCGIKit/Test-FCGIKit-Info.plist";
				INSTALL_PATH = "$(LOCAL_LIBRARY_DIR)/Bundles";
				MACOSX_DEPLOYMENT_TARGET = 10.7;
				ONLY_ACTIVE_ARCH = NO;
				PRODUCT_NAME = "$(TARGET_NAME)";
				SDKROOT = macosx;
				WRAPPER_EXTENSION = bundle;
			};
			name = Debug;
		};
		AD0EACC31728BF4C005C3923 /* Release */ = {
			isa = XCBuildConfiguration;
			buildSettings = {
				COMBINE_HIDPI_IMAGES = YES;
				GCC_PRECOMPILE_PREFIX_HEADER = YES;
				GCC_PREFIX_HEADER = "Test-FCGIKit-CocoaBundle/Test-FCGIKit-CocoaBundle-Prefix.pch";
				INFOPLIST_FILE = "Test-FCGIKit/Test-FCGIKit-Info.plist";
				INSTALL_PATH = "$(LOCAL_LIBRARY_DIR)/Bundles";
				MACOSX_DEPLOYMENT_TARGET = 10.7;
				ONLY_ACTIVE_ARCH = NO;
				PRODUCT_NAME = "$(TARGET_NAME)";
				SDKROOT = macosx;
				WRAPPER_EXTENSION = bundle;
			};
			name = Release;
		};
/* End XCBuildConfiguration section */

/* Begin XCConfigurationList section */
		AD0EA99417285C01005C3923 /* Build configuration list for PBXProject "Test-FCGIKit" */ = {
			isa = XCConfigurationList;
			buildConfigurations = (
				AD0EA9A517285C01005C3923 /* Debug */,
				AD0EA9A617285C01005C3923 /* Release */,
			);
			defaultConfigurationIsVisible = 0;
			defaultConfigurationName = Release;
		};
		AD0EA9A717285C01005C3923 /* Build configuration list for PBXNativeTarget "Test-FCGIKit" */ = {
			isa = XCConfigurationList;
			buildConfigurations = (
				AD0EA9A817285C01005C3923 /* Debug */,
				AD0EA9A917285C01005C3923 /* Release */,
			);
			defaultConfigurationIsVisible = 0;
			defaultConfigurationName = Release;
		};
		AD0EACC11728BF4C005C3923 /* Build configuration list for PBXNativeTarget "TestBundle" */ = {
			isa = XCConfigurationList;
			buildConfigurations = (
				AD0EACC21728BF4C005C3923 /* Debug */,
				AD0EACC31728BF4C005C3923 /* Release */,
			);
			defaultConfigurationIsVisible = 0;
			defaultConfigurationName = Release;
		};
/* End XCConfigurationList section */
	};
	rootObject = AD0EA99117285C01005C3923 /* Project object */;
}
